// !$*UTF8*$!
{
	archiveVersion = 1;
	classes = {
	};
	objectVersion = 50;
	objects = {

/* Begin PBXBuildFile section */
		7A7C6C3624514BF300D88C2A /* AppDelegate.swift in Sources */ = {isa = PBXBuildFile; fileRef = 7A7C6C3524514BF300D88C2A /* AppDelegate.swift */; };
		7A7C6C3824514BF300D88C2A /* SceneDelegate.swift in Sources */ = {isa = PBXBuildFile; fileRef = 7A7C6C3724514BF300D88C2A /* SceneDelegate.swift */; };
		7A7C6C3A24514BF300D88C2A /* ContentView.swift in Sources */ = {isa = PBXBuildFile; fileRef = 7A7C6C3924514BF300D88C2A /* ContentView.swift */; };
		7A7C6C3C24514BF500D88C2A /* Assets.xcassets in Resources */ = {isa = PBXBuildFile; fileRef = 7A7C6C3B24514BF500D88C2A /* Assets.xcassets */; };
		7A7C6C3F24514BF500D88C2A /* Preview Assets.xcassets in Resources */ = {isa = PBXBuildFile; fileRef = 7A7C6C3E24514BF500D88C2A /* Preview Assets.xcassets */; };
		7A7C6C4224514BF500D88C2A /* LaunchScreen.storyboard in Resources */ = {isa = PBXBuildFile; fileRef = 7A7C6C4024514BF500D88C2A /* LaunchScreen.storyboard */; };
		7A7C6C4A24514C1200D88C2A /* registerView.swift in Sources */ = {isa = PBXBuildFile; fileRef = 7A7C6C4924514C1200D88C2A /* registerView.swift */; };
/* End PBXBuildFile section */

/* Begin PBXFileReference section */
		7A7C6C3224514BF300D88C2A /* registerAndSignIn.app */ = {isa = PBXFileReference; explicitFileType = wrapper.application; includeInIndex = 0; path = registerAndSignIn.app; sourceTree = BUILT_PRODUCTS_DIR; };
		7A7C6C3524514BF300D88C2A /* AppDelegate.swift */ = {isa = PBXFileReference; lastKnownFileType = sourcecode.swift; path = AppDelegate.swift; sourceTree = "<group>"; };
		7A7C6C3724514BF300D88C2A /* SceneDelegate.swift */ = {isa = PBXFileReference; lastKnownFileType = sourcecode.swift; path = SceneDelegate.swift; sourceTree = "<group>"; };
		7A7C6C3924514BF300D88C2A /* ContentView.swift */ = {isa = PBXFileReference; lastKnownFileType = sourcecode.swift; path = ContentView.swift; sourceTree = "<group>"; };
		7A7C6C3B24514BF500D88C2A /* Assets.xcassets */ = {isa = PBXFileReference; lastKnownFileType = folder.assetcatalog; path = Assets.xcassets; sourceTree = "<group>"; };
		7A7C6C3E24514BF500D88C2A /* Preview Assets.xcassets */ = {isa = PBXFileReference; lastKnownFileType = folder.assetcatalog; path = "Preview Assets.xcassets"; sourceTree = "<group>"; };
		7A7C6C4124514BF500D88C2A /* Base */ = {isa = PBXFileReference; lastKnownFileType = file.storyboard; name = Base; path = Base.lproj/LaunchScreen.storyboard; sourceTree = "<group>"; };
		7A7C6C4324514BF500D88C2A /* Info.plist */ = {isa = PBXFileReference; lastKnownFileType = text.plist.xml; path = Info.plist; sourceTree = "<group>"; };
		7A7C6C4924514C1200D88C2A /* registerView.swift */ = {isa = PBXFileReference; lastKnownFileType = sourcecode.swift; path = registerView.swift; sourceTree = "<group>"; };
/* End PBXFileReference section */

/* Begin PBXFrameworksBuildPhase section */
		7A7C6C2F24514BF300D88C2A /* Frameworks */ = {
			isa = PBXFrameworksBuildPhase;
			buildActionMask = 2147483647;
			files = (
			);
			runOnlyForDeploymentPostprocessing = 0;
		};
/* End PBXFrameworksBuildPhase section */

/* Begin PBXGroup section */
		7A7C6C2924514BF300D88C2A = {
			isa = PBXGroup;
			children = (
				7A7C6C3424514BF300D88C2A /* registerAndSignIn */,
				7A7C6C3324514BF300D88C2A /* Products */,
			);
			sourceTree = "<group>";
		};
		7A7C6C3324514BF300D88C2A /* Products */ = {
			isa = PBXGroup;
			children = (
				7A7C6C3224514BF300D88C2A /* registerAndSignIn.app */,
			);
			name = Products;
			sourceTree = "<group>";
		};
		7A7C6C3424514BF300D88C2A /* registerAndSignIn */ = {
			isa = PBXGroup;
			children = (
				7A7C6C3524514BF300D88C2A /* AppDelegate.swift */,
				7A7C6C3724514BF300D88C2A /* SceneDelegate.swift */,
				7A7C6C3924514BF300D88C2A /* ContentView.swift */,
				7A7C6C4924514C1200D88C2A /* registerView.swift */,
				7A7C6C3B24514BF500D88C2A /* Assets.xcassets */,
				7A7C6C4024514BF500D88C2A /* LaunchScreen.storyboard */,
				7A7C6C4324514BF500D88C2A /* Info.plist */,
				7A7C6C3D24514BF500D88C2A /* Preview Content */,
			);
			path = registerAndSignIn;
			sourceTree = "<group>";
		};
		7A7C6C3D24514BF500D88C2A /* Preview Content */ = {
			isa = PBXGroup;
			children = (
				7A7C6C3E24514BF500D88C2A /* Preview Assets.xcassets */,
			);
			path = "Preview Content";
			sourceTree = "<group>";
		};
/* End PBXGroup section */

/* Begin PBXNativeTarget section */
		7A7C6C3124514BF300D88C2A /* registerAndSignIn */ = {
			isa = PBXNativeTarget;
			buildConfigurationList = 7A7C6C4624514BF500D88C2A /* Build configuration list for PBXNativeTarget "registerAndSignIn" */;
			buildPhases = (
				7A7C6C2E24514BF300D88C2A /* Sources */,
				7A7C6C2F24514BF300D88C2A /* Frameworks */,
				7A7C6C3024514BF300D88C2A /* Resources */,
			);
			buildRules = (
			);
			dependencies = (
			);
			name = registerAndSignIn;
			productName = registerAndSignIn;
			productReference = 7A7C6C3224514BF300D88C2A /* registerAndSignIn.app */;
			productType = "com.apple.product-type.application";
		};
/* End PBXNativeTarget section */

/* Begin PBXProject section */
		7A7C6C2A24514BF300D88C2A /* Project object */ = {
			isa = PBXProject;
			attributes = {
				LastSwiftUpdateCheck = 1140;
				LastUpgradeCheck = 1140;
				ORGANIZATIONNAME = "Edgar Nzokwe";
				TargetAttributes = {
					7A7C6C3124514BF300D88C2A = {
						CreatedOnToolsVersion = 11.4;
					};
				};
			};
			buildConfigurationList = 7A7C6C2D24514BF300D88C2A /* Build configuration list for PBXProject "registerAndSignIn" */;
			compatibilityVersion = "Xcode 9.3";
			developmentRegion = en;
			hasScannedForEncodings = 0;
			knownRegions = (
				en,
				Base,
			);
			mainGroup = 7A7C6C2924514BF300D88C2A;
			productRefGroup = 7A7C6C3324514BF300D88C2A /* Products */;
			projectDirPath = "";
			projectRoot = "";
			targets = (
				7A7C6C3124514BF300D88C2A /* registerAndSignIn */,
			);
		};
/* End PBXProject section */

/* Begin PBXResourcesBuildPhase section */
		7A7C6C3024514BF300D88C2A /* Resources */ = {
			isa = PBXResourcesBuildPhase;
			buildActionMask = 2147483647;
			files = (
				7A7C6C4224514BF500D88C2A /* LaunchScreen.storyboard in Resources */,
				7A7C6C3F24514BF500D88C2A /* Preview Assets.xcassets in Resources */,
				7A7C6C3C24514BF500D88C2A /* Assets.xcassets in Resources */,
			);
			runOnlyForDeploymentPostprocessing = 0;
		};
/* End PBXResourcesBuildPhase section */

/* Begin PBXSourcesBuildPhase section */
		7A7C6C2E24514BF300D88C2A /* Sources */ = {
			isa = PBXSourcesBuildPhase;
			buildActionMask = 2147483647;
			files = (
				7A7C6C3624514BF300D88C2A /* AppDelegate.swift in Sources */,
				7A7C6C4A24514C1200D88C2A /* registerView.swift in Sources */,
				7A7C6C3824514BF300D88C2A /* SceneDelegate.swift in Sources */,
				7A7C6C3A24514BF300D88C2A /* ContentView.swift in Sources */,
			);
			runOnlyForDeploymentPostprocessing = 0;
		};
/* End PBXSourcesBuildPhase section */

/* Begin PBXVariantGroup section */
		7A7C6C4024514BF500D88C2A /* LaunchScreen.storyboard */ = {
			isa = PBXVariantGroup;
			children = (
				7A7C6C4124514BF500D88C2A /* Base */,
			);
			name = LaunchScreen.storyboard;
			sourceTree = "<group>";
		};
/* End PBXVariantGroup section */

/* Begin XCBuildConfiguration section */
		7A7C6C4424514BF500D88C2A /* Debug */ = {
			isa = XCBuildConfiguration;
			buildSettings = {
				ALWAYS_SEARCH_USER_PATHS = NO;
				CLANG_ANALYZER_NONNULL = YES;
				CLANG_ANALYZER_NUMBER_OBJECT_CONVERSION = YES_AGGRESSIVE;
				CLANG_CXX_LANGUAGE_STANDARD = "gnu++14";
				CLANG_CXX_LIBRARY = "libc++";
				CLANG_ENABLE_MODULES = YES;
				CLANG_ENABLE_OBJC_ARC = YES;
				CLANG_ENABLE_OBJC_WEAK = YES;
				CLANG_WARN_BLOCK_CAPTURE_AUTORELEASING = YES;
				CLANG_WARN_BOOL_CONVERSION = YES;
				CLANG_WARN_COMMA = YES;
				CLANG_WARN_CONSTANT_CONVERSION = YES;
				CLANG_WARN_DEPRECATED_OBJC_IMPLEMENTATIONS = YES;
				CLANG_WARN_DIRECT_OBJC_ISA_USAGE = YES_ERROR;
				CLANG_WARN_DOCUMENTATION_COMMENTS = YES;
				CLANG_WARN_EMPTY_BODY = YES;
				CLANG_WARN_ENUM_CONVERSION = YES;
				CLANG_WARN_INFINITE_RECURSION = YES;
				CLANG_WARN_INT_CONVERSION = YES;
				CLANG_WARN_NON_LITERAL_NULL_CONVERSION = YES;
				CLANG_WARN_OBJC_IMPLICIT_RETAIN_SELF = YES;
				CLANG_WARN_OBJC_LITERAL_CONVERSION = YES;
				CLANG_WARN_OBJC_ROOT_CLASS = YES_ERROR;
				CLANG_WARN_RANGE_LOOP_ANALYSIS = YES;
				CLANG_WARN_STRICT_PROTOTYPES = YES;
				CLANG_WARN_SUSPICIOUS_MOVE = YES;
				CLANG_WARN_UNGUARDED_AVAILABILITY = YES_AGGRESSIVE;
				CLANG_WARN_UNREACHABLE_CODE = YES;
				CLANG_WARN__DUPLICATE_METHOD_MATCH = YES;
				COPY_PHASE_STRIP = NO;
				DEBUG_INFORMATION_FORMAT = dwarf;
				ENABLE_STRICT_OBJC_MSGSEND = YES;
				ENABLE_TESTABILITY = YES;
				GCC_C_LANGUAGE_STANDARD = gnu11;
				GCC_DYNAMIC_NO_PIC = NO;
				GCC_NO_COMMON_BLOCKS = YES;
				GCC_OPTIMIZATION_LEVEL = 0;
				GCC_PREPROCESSOR_DEFINITIONS = (
					"DEBUG=1",
					"$(inherited)",
				);
				GCC_WARN_64_TO_32_BIT_CONVERSION = YES;
				GCC_WARN_ABOUT_RETURN_TYPE = YES_ERROR;
				GCC_WARN_UNDECLARED_SELECTOR = YES;
				GCC_WARN_UNINITIALIZED_AUTOS = YES_AGGRESSIVE;
				GCC_WARN_UNUSED_FUNCTION = YES;
				GCC_WARN_UNUSED_VARIABLE = YES;
				IPHONEOS_DEPLOYMENT_TARGET = 13.4;
				MTL_ENABLE_DEBUG_INFO = INCLUDE_SOURCE;
				MTL_FAST_MATH = YES;
				ONLY_ACTIVE_ARCH = YES;
				SDKROOT = iphoneos;
				SWIFT_ACTIVE_COMPILATION_CONDITIONS = DEBUG;
				SWIFT_OPTIMIZATION_LEVEL = "-Onone";
			};
			name = Debug;
		};
		7A7C6C4524514BF500D88C2A /* Release */ = {
			isa = XCBuildConfiguration;
			buildSettings = {
				ALWAYS_SEARCH_USER_PATHS = NO;
				CLANG_ANALYZER_NONNULL = YES;
				CLANG_ANALYZER_NUMBER_OBJECT_CONVERSION = YES_AGGRESSIVE;
				CLANG_CXX_LANGUAGE_STANDARD = "gnu++14";
				CLANG_CXX_LIBRARY = "libc++";
				CLANG_ENABLE_MODULES = YES;
				CLANG_ENABLE_OBJC_ARC = YES;
				CLANG_ENABLE_OBJC_WEAK = YES;
				CLANG_WARN_BLOCK_CAPTURE_AUTORELEASING = YES;
				CLANG_WARN_BOOL_CONVERSION = YES;
				CLANG_WARN_COMMA = YES;
				CLANG_WARN_CONSTANT_CONVERSION = YES;
				CLANG_WARN_DEPRECATED_OBJC_IMPLEMENTATIONS = YES;
				CLANG_WARN_DIRECT_OBJC_ISA_USAGE = YES_ERROR;
				CLANG_WARN_DOCUMENTATION_COMMENTS = YES;
				CLANG_WARN_EMPTY_BODY = YES;
				CLANG_WARN_ENUM_CONVERSION = YES;
				CLANG_WARN_INFINITE_RECURSION = YES;
				CLANG_WARN_INT_CONVERSION = YES;
				CLANG_WARN_NON_LITERAL_NULL_CONVERSION = YES;
				CLANG_WARN_OBJC_IMPLICIT_RETAIN_SELF = YES;
				CLANG_WARN_OBJC_LITERAL_CONVERSION = YES;
				CLANG_WARN_OBJC_ROOT_CLASS = YES_ERROR;
				CLANG_WARN_RANGE_LOOP_ANALYSIS = YES;
				CLANG_WARN_STRICT_PROTOTYPES = YES;
				CLANG_WARN_SUSPICIOUS_MOVE = YES;
				CLANG_WARN_UNGUARDED_AVAILABILITY = YES_AGGRESSIVE;
				CLANG_WARN_UNREACHABLE_CODE = YES;
				CLANG_WARN__DUPLICATE_METHOD_MATCH = YES;
				COPY_PHASE_STRIP = NO;
				DEBUG_INFORMATION_FORMAT = "dwarf-with-dsym";
				ENABLE_NS_ASSERTIONS = NO;
				ENABLE_STRICT_OBJC_MSGSEND = YES;
				GCC_C_LANGUAGE_STANDARD = gnu11;
				GCC_NO_COMMON_BLOCKS = YES;
				GCC_WARN_64_TO_32_BIT_CONVERSION = YES;
				GCC_WARN_ABOUT_RETURN_TYPE = YES_ERROR;
				GCC_WARN_UNDECLARED_SELECTOR = YES;
				GCC_WARN_UNINITIALIZED_AUTOS = YES_AGGRESSIVE;
				GCC_WARN_UNUSED_FUNCTION = YES;
				GCC_WARN_UNUSED_VARIABLE = YES;
				IPHONEOS_DEPLOYMENT_TARGET = 13.4;
				MTL_ENABLE_DEBUG_INFO = NO;
				MTL_FAST_MATH = YES;
				SDKROOT = iphoneos;
				SWIFT_COMPILATION_MODE = wholemodule;
				SWIFT_OPTIMIZATION_LEVEL = "-O";
				VALIDATE_PRODUCT = YES;
			};
			name = Release;
		};
		7A7C6C4724514BF500D88C2A /* Debug */ = {
			isa = XCBuildConfiguration;
			buildSettings = {
				ASSETCATALOG_COMPILER_APPICON_NAME = AppIcon;
				CODE_SIGN_STYLE = Automatic;
				DEVELOPMENT_ASSET_PATHS = "\"registerAndSignIn/Preview Content\"";
				DEVELOPMENT_TEAM = VTCMU55NAJ;
				ENABLE_PREVIEWS = YES;
				INFOPLIST_FILE = registerAndSignIn/Info.plist;
				LD_RUNPATH_SEARCH_PATHS = (
					"$(inherited)",
					"@executable_path/Frameworks",
				);
				PRODUCT_BUNDLE_IDENTIFIER = "Edgar-Nzokwe.registerAndSignIn";
				PRODUCT_NAME = "$(TARGET_NAME)";
				SWIFT_VERSION = 5.0;
				TARGETED_DEVICE_FAMILY = "1,2";
			};
			name = Debug;
		};
		7A7C6C4824514BF500D88C2A /* Release */ = {
			isa = XCBuildConfiguration;
			buildSettings = {
				ASSETCATALOG_COMPILER_APPICON_NAME = AppIcon;
				CODE_SIGN_STYLE = Automatic;
				DEVELOPMENT_ASSET_PATHS = "\"registerAndSignIn/Preview Content\"";
				DEVELOPMENT_TEAM = VTCMU55NAJ;
				ENABLE_PREVIEWS = YES;
				INFOPLIST_FILE = registerAndSignIn/Info.plist;
				LD_RUNPATH_SEARCH_PATHS = (
					"$(inherited)",
					"@executable_path/Frameworks",
				);
				PRODUCT_BUNDLE_IDENTIFIER = "Edgar-Nzokwe.registerAndSignIn";
				PRODUCT_NAME = "$(TARGET_NAME)";
				SWIFT_VERSION = 5.0;
				TARGETED_DEVICE_FAMILY = "1,2";
			};
			name = Release;
		};
/* End XCBuildConfiguration section */

/* Begin XCConfigurationList section */
		7A7C6C2D24514BF300D88C2A /* Build configuration list for PBXProject "registerAndSignIn" */ = {
			isa = XCConfigurationList;
			buildConfigurations = (
				7A7C6C4424514BF500D88C2A /* Debug */,
				7A7C6C4524514BF500D88C2A /* Release */,
			);
			defaultConfigurationIsVisible = 0;
			defaultConfigurationName = Release;
		};
		7A7C6C4624514BF500D88C2A /* Build configuration list for PBXNativeTarget "registerAndSignIn" */ = {
			isa = XCConfigurationList;
			buildConfigurations = (
				7A7C6C4724514BF500D88C2A /* Debug */,
				7A7C6C4824514BF500D88C2A /* Release */,
			);
			defaultConfigurationIsVisible = 0;
			defaultConfigurationName = Release;
		};
/* End XCConfigurationList section */
	};
	rootObject = 7A7C6C2A24514BF300D88C2A /* Project object */;
}
