// !$*UTF8*$!
{
	archiveVersion = 1;
	classes = {
	};
	objectVersion = 50;
	objects = {

/* Begin PBXBuildFile section */
		EE9F3E9D2513DDD700D1E484 /* AppDelegate.swift in Sources */ = {isa = PBXBuildFile; fileRef = EE9F3E9C2513DDD700D1E484 /* AppDelegate.swift */; };
		EE9F3E9F2513DDD700D1E484 /* SceneDelegate.swift in Sources */ = {isa = PBXBuildFile; fileRef = EE9F3E9E2513DDD700D1E484 /* SceneDelegate.swift */; };
		EE9F3EA12513DDD700D1E484 /* ContentView.swift in Sources */ = {isa = PBXBuildFile; fileRef = EE9F3EA02513DDD700D1E484 /* ContentView.swift */; };
		EE9F3EA32513DDD800D1E484 /* Assets.xcassets in Resources */ = {isa = PBXBuildFile; fileRef = EE9F3EA22513DDD800D1E484 /* Assets.xcassets */; };
		EE9F3EA62513DDD800D1E484 /* Preview Assets.xcassets in Resources */ = {isa = PBXBuildFile; fileRef = EE9F3EA52513DDD800D1E484 /* Preview Assets.xcassets */; };
		EE9F3EA92513DDD800D1E484 /* LaunchScreen.storyboard in Resources */ = {isa = PBXBuildFile; fileRef = EE9F3EA72513DDD800D1E484 /* LaunchScreen.storyboard */; };
/* End PBXBuildFile section */

/* Begin PBXFileReference section */
		EE9F3E992513DDD700D1E484 /* MapInSwiftUIApp.app */ = {isa = PBXFileReference; explicitFileType = wrapper.application; includeInIndex = 0; path = MapInSwiftUIApp.app; sourceTree = BUILT_PRODUCTS_DIR; };
		EE9F3E9C2513DDD700D1E484 /* AppDelegate.swift */ = {isa = PBXFileReference; lastKnownFileType = sourcecode.swift; path = AppDelegate.swift; sourceTree = "<group>"; };
		EE9F3E9E2513DDD700D1E484 /* SceneDelegate.swift */ = {isa = PBXFileReference; lastKnownFileType = sourcecode.swift; path = SceneDelegate.swift; sourceTree = "<group>"; };
		EE9F3EA02513DDD700D1E484 /* ContentView.swift */ = {isa = PBXFileReference; lastKnownFileType = sourcecode.swift; path = ContentView.swift; sourceTree = "<group>"; };
		EE9F3EA22513DDD800D1E484 /* Assets.xcassets */ = {isa = PBXFileReference; lastKnownFileType = folder.assetcatalog; path = Assets.xcassets; sourceTree = "<group>"; };
		EE9F3EA52513DDD800D1E484 /* Preview Assets.xcassets */ = {isa = PBXFileReference; lastKnownFileType = folder.assetcatalog; path = "Preview Assets.xcassets"; sourceTree = "<group>"; };
		EE9F3EA82513DDD800D1E484 /* Base */ = {isa = PBXFileReference; lastKnownFileType = file.storyboard; name = Base; path = Base.lproj/LaunchScreen.storyboard; sourceTree = "<group>"; };
		EE9F3EAA2513DDD800D1E484 /* Info.plist */ = {isa = PBXFileReference; lastKnownFileType = text.plist.xml; path = Info.plist; sourceTree = "<group>"; };
/* End PBXFileReference section */

/* Begin PBXFrameworksBuildPhase section */
		EE9F3E962513DDD700D1E484 /* Frameworks */ = {
			isa = PBXFrameworksBuildPhase;
			buildActionMask = 2147483647;
			files = (
			);
			runOnlyForDeploymentPostprocessing = 0;
		};
/* End PBXFrameworksBuildPhase section */

/* Begin PBXGroup section */
		EE9F3E902513DDD700D1E484 = {
			isa = PBXGroup;
			children = (
				EE9F3E9B2513DDD700D1E484 /* MapInSwiftUIApp */,
				EE9F3E9A2513DDD700D1E484 /* Products */,
			);
			sourceTree = "<group>";
		};
		EE9F3E9A2513DDD700D1E484 /* Products */ = {
			isa = PBXGroup;
			children = (
				EE9F3E992513DDD700D1E484 /* MapInSwiftUIApp.app */,
			);
			name = Products;
			sourceTree = "<group>";
		};
		EE9F3E9B2513DDD700D1E484 /* MapInSwiftUIApp */ = {
			isa = PBXGroup;
			children = (
				EE9F3E9C2513DDD700D1E484 /* AppDelegate.swift */,
				EE9F3E9E2513DDD700D1E484 /* SceneDelegate.swift */,
				EE9F3EA02513DDD700D1E484 /* ContentView.swift */,
				EE9F3EA22513DDD800D1E484 /* Assets.xcassets */,
				EE9F3EA72513DDD800D1E484 /* LaunchScreen.storyboard */,
				EE9F3EAA2513DDD800D1E484 /* Info.plist */,
				EE9F3EA42513DDD800D1E484 /* Preview Content */,
			);
			path = MapInSwiftUIApp;
			sourceTree = "<group>";
		};
		EE9F3EA42513DDD800D1E484 /* Preview Content */ = {
			isa = PBXGroup;
			children = (
				EE9F3EA52513DDD800D1E484 /* Preview Assets.xcassets */,
			);
			path = "Preview Content";
			sourceTree = "<group>";
		};
/* End PBXGroup section */

/* Begin PBXNativeTarget section */
		EE9F3E982513DDD700D1E484 /* MapInSwiftUIApp */ = {
			isa = PBXNativeTarget;
			buildConfigurationList = EE9F3EAD2513DDD800D1E484 /* Build configuration list for PBXNativeTarget "MapInSwiftUIApp" */;
			buildPhases = (
				EE9F3E952513DDD700D1E484 /* Sources */,
				EE9F3E962513DDD700D1E484 /* Frameworks */,
				EE9F3E972513DDD700D1E484 /* Resources */,
			);
			buildRules = (
			);
			dependencies = (
			);
			name = MapInSwiftUIApp;
			productName = MapInSwiftUIApp;
			productReference = EE9F3E992513DDD700D1E484 /* MapInSwiftUIApp.app */;
			productType = "com.apple.product-type.application";
		};
/* End PBXNativeTarget section */

/* Begin PBXProject section */
		EE9F3E912513DDD700D1E484 /* Project object */ = {
			isa = PBXProject;
			attributes = {
				LastSwiftUpdateCheck = 1200;
				LastUpgradeCheck = 1200;
				TargetAttributes = {
					EE9F3E982513DDD700D1E484 = {
						CreatedOnToolsVersion = 12.0;
					};
				};
			};
			buildConfigurationList = EE9F3E942513DDD700D1E484 /* Build configuration list for PBXProject "MapInSwiftUIApp" */;
			compatibilityVersion = "Xcode 9.3";
			developmentRegion = en;
			hasScannedForEncodings = 0;
			knownRegions = (
				en,
				Base,
			);
			mainGroup = EE9F3E902513DDD700D1E484;
			productRefGroup = EE9F3E9A2513DDD700D1E484 /* Products */;
			projectDirPath = "";
			projectRoot = "";
			targets = (
				EE9F3E982513DDD700D1E484 /* MapInSwiftUIApp */,
			);
		};
/* End PBXProject section */

/* Begin PBXResourcesBuildPhase section */
		EE9F3E972513DDD700D1E484 /* Resources */ = {
			isa = PBXResourcesBuildPhase;
			buildActionMask = 2147483647;
			files = (
				EE9F3EA92513DDD800D1E484 /* LaunchScreen.storyboard in Resources */,
				EE9F3EA62513DDD800D1E484 /* Preview Assets.xcassets in Resources */,
				EE9F3EA32513DDD800D1E484 /* Assets.xcassets in Resources */,
			);
			runOnlyForDeploymentPostprocessing = 0;
		};
/* End PBXResourcesBuildPhase section */

/* Begin PBXSourcesBuildPhase section */
		EE9F3E952513DDD700D1E484 /* Sources */ = {
			isa = PBXSourcesBuildPhase;
			buildActionMask = 2147483647;
			files = (
				EE9F3E9D2513DDD700D1E484 /* AppDelegate.swift in Sources */,
				EE9F3E9F2513DDD700D1E484 /* SceneDelegate.swift in Sources */,
				EE9F3EA12513DDD700D1E484 /* ContentView.swift in Sources */,
			);
			runOnlyForDeploymentPostprocessing = 0;
		};
/* End PBXSourcesBuildPhase section */

/* Begin PBXVariantGroup section */
		EE9F3EA72513DDD800D1E484 /* LaunchScreen.storyboard */ = {
			isa = PBXVariantGroup;
			children = (
				EE9F3EA82513DDD800D1E484 /* Base */,
			);
			name = LaunchScreen.storyboard;
			sourceTree = "<group>";
		};
/* End PBXVariantGroup section */

/* Begin XCBuildConfiguration section */
		EE9F3EAB2513DDD800D1E484 /* Debug */ = {
			isa = XCBuildConfiguration;
			buildSettings = {
				ALWAYS_SEARCH_USER_PATHS = NO;
				CLANG_ANALYZER_NONNULL = YES;
				CLANG_ANALYZER_NUMBER_OBJECT_CONVERSION = YES_AGGRESSIVE;
				CLANG_CXX_LANGUAGE_STANDARD = "gnu++14";
				CLANG_CXX_LIBRARY = "libc++";
				CLANG_ENABLE_MODULES = YES;
				CLANG_ENABLE_OBJC_ARC = YES;
				CLANG_ENABLE_OBJC_WEAK = YES;
				CLANG_WARN_BLOCK_CAPTURE_AUTORELEASING = YES;
				CLANG_WARN_BOOL_CONVERSION = YES;
				CLANG_WARN_COMMA = YES;
				CLANG_WARN_CONSTANT_CONVERSION = YES;
				CLANG_WARN_DEPRECATED_OBJC_IMPLEMENTATIONS = YES;
				CLANG_WARN_DIRECT_OBJC_ISA_USAGE = YES_ERROR;
				CLANG_WARN_DOCUMENTATION_COMMENTS = YES;
				CLANG_WARN_EMPTY_BODY = YES;
				CLANG_WARN_ENUM_CONVERSION = YES;
				CLANG_WARN_INFINITE_RECURSION = YES;
				CLANG_WARN_INT_CONVERSION = YES;
				CLANG_WARN_NON_LITERAL_NULL_CONVERSION = YES;
				CLANG_WARN_OBJC_IMPLICIT_RETAIN_SELF = YES;
				CLANG_WARN_OBJC_LITERAL_CONVERSION = YES;
				CLANG_WARN_OBJC_ROOT_CLASS = YES_ERROR;
				CLANG_WARN_QUOTED_INCLUDE_IN_FRAMEWORK_HEADER = YES;
				CLANG_WARN_RANGE_LOOP_ANALYSIS = YES;
				CLANG_WARN_STRICT_PROTOTYPES = YES;
				CLANG_WARN_SUSPICIOUS_MOVE = YES;
				CLANG_WARN_UNGUARDED_AVAILABILITY = YES_AGGRESSIVE;
				CLANG_WARN_UNREACHABLE_CODE = YES;
				CLANG_WARN__DUPLICATE_METHOD_MATCH = YES;
				COPY_PHASE_STRIP = NO;
				DEBUG_INFORMATION_FORMAT = dwarf;
				ENABLE_STRICT_OBJC_MSGSEND = YES;
				ENABLE_TESTABILITY = YES;
				GCC_C_LANGUAGE_STANDARD = gnu11;
				GCC_DYNAMIC_NO_PIC = NO;
				GCC_NO_COMMON_BLOCKS = YES;
				GCC_OPTIMIZATION_LEVEL = 0;
				GCC_PREPROCESSOR_DEFINITIONS = (
					"DEBUG=1",
					"$(inherited)",
				);
				GCC_WARN_64_TO_32_BIT_CONVERSION = YES;
				GCC_WARN_ABOUT_RETURN_TYPE = YES_ERROR;
				GCC_WARN_UNDECLARED_SELECTOR = YES;
				GCC_WARN_UNINITIALIZED_AUTOS = YES_AGGRESSIVE;
				GCC_WARN_UNUSED_FUNCTION = YES;
				GCC_WARN_UNUSED_VARIABLE = YES;
				IPHONEOS_DEPLOYMENT_TARGET = 14.0;
				MTL_ENABLE_DEBUG_INFO = INCLUDE_SOURCE;
				MTL_FAST_MATH = YES;
				ONLY_ACTIVE_ARCH = YES;
				SDKROOT = iphoneos;
				SWIFT_ACTIVE_COMPILATION_CONDITIONS = DEBUG;
				SWIFT_OPTIMIZATION_LEVEL = "-Onone";
			};
			name = Debug;
		};
		EE9F3EAC2513DDD800D1E484 /* Release */ = {
			isa = XCBuildConfiguration;
			buildSettings = {
				ALWAYS_SEARCH_USER_PATHS = NO;
				CLANG_ANALYZER_NONNULL = YES;
				CLANG_ANALYZER_NUMBER_OBJECT_CONVERSION = YES_AGGRESSIVE;
				CLANG_CXX_LANGUAGE_STANDARD = "gnu++14";
				CLANG_CXX_LIBRARY = "libc++";
				CLANG_ENABLE_MODULES = YES;
				CLANG_ENABLE_OBJC_ARC = YES;
				CLANG_ENABLE_OBJC_WEAK = YES;
				CLANG_WARN_BLOCK_CAPTURE_AUTORELEASING = YES;
				CLANG_WARN_BOOL_CONVERSION = YES;
				CLANG_WARN_COMMA = YES;
				CLANG_WARN_CONSTANT_CONVERSION = YES;
				CLANG_WARN_DEPRECATED_OBJC_IMPLEMENTATIONS = YES;
				CLANG_WARN_DIRECT_OBJC_ISA_USAGE = YES_ERROR;
				CLANG_WARN_DOCUMENTATION_COMMENTS = YES;
				CLANG_WARN_EMPTY_BODY = YES;
				CLANG_WARN_ENUM_CONVERSION = YES;
				CLANG_WARN_INFINITE_RECURSION = YES;
				CLANG_WARN_INT_CONVERSION = YES;
				CLANG_WARN_NON_LITERAL_NULL_CONVERSION = YES;
				CLANG_WARN_OBJC_IMPLICIT_RETAIN_SELF = YES;
				CLANG_WARN_OBJC_LITERAL_CONVERSION = YES;
				CLANG_WARN_OBJC_ROOT_CLASS = YES_ERROR;
				CLANG_WARN_QUOTED_INCLUDE_IN_FRAMEWORK_HEADER = YES;
				CLANG_WARN_RANGE_LOOP_ANALYSIS = YES;
				CLANG_WARN_STRICT_PROTOTYPES = YES;
				CLANG_WARN_SUSPICIOUS_MOVE = YES;
				CLANG_WARN_UNGUARDED_AVAILABILITY = YES_AGGRESSIVE;
				CLANG_WARN_UNREACHABLE_CODE = YES;
				CLANG_WARN__DUPLICATE_METHOD_MATCH = YES;
				COPY_PHASE_STRIP = NO;
				DEBUG_INFORMATION_FORMAT = "dwarf-with-dsym";
				ENABLE_NS_ASSERTIONS = NO;
				ENABLE_STRICT_OBJC_MSGSEND = YES;
				GCC_C_LANGUAGE_STANDARD = gnu11;
				GCC_NO_COMMON_BLOCKS = YES;
				GCC_WARN_64_TO_32_BIT_CONVERSION = YES;
				GCC_WARN_ABOUT_RETURN_TYPE = YES_ERROR;
				GCC_WARN_UNDECLARED_SELECTOR = YES;
				GCC_WARN_UNINITIALIZED_AUTOS = YES_AGGRESSIVE;
				GCC_WARN_UNUSED_FUNCTION = YES;
				GCC_WARN_UNUSED_VARIABLE = YES;
				IPHONEOS_DEPLOYMENT_TARGET = 14.0;
				MTL_ENABLE_DEBUG_INFO = NO;
				MTL_FAST_MATH = YES;
				SDKROOT = iphoneos;
				SWIFT_COMPILATION_MODE = wholemodule;
				SWIFT_OPTIMIZATION_LEVEL = "-O";
				VALIDATE_PRODUCT = YES;
			};
			name = Release;
		};
		EE9F3EAE2513DDD800D1E484 /* Debug */ = {
			isa = XCBuildConfiguration;
			buildSettings = {
				ASSETCATALOG_COMPILER_APPICON_NAME = AppIcon;
				ASSETCATALOG_COMPILER_GLOBAL_ACCENT_COLOR_NAME = AccentColor;
				CODE_SIGN_STYLE = Automatic;
				DEVELOPMENT_ASSET_PATHS = "\"MapInSwiftUIApp/Preview Content\"";
				DEVELOPMENT_TEAM = 4X6PHGF7Z3;
				ENABLE_PREVIEWS = YES;
				INFOPLIST_FILE = MapInSwiftUIApp/Info.plist;
				LD_RUNPATH_SEARCH_PATHS = (
					"$(inherited)",
					"@executable_path/Frameworks",
				);
				PRODUCT_BUNDLE_IDENTIFIER = uk.co.effectivecode.MapInSwiftUIApp;
				PRODUCT_NAME = "$(TARGET_NAME)";
				SWIFT_VERSION = 5.0;
				TARGETED_DEVICE_FAMILY = "1,2";
			};
			name = Debug;
		};
		EE9F3EAF2513DDD800D1E484 /* Release */ = {
			isa = XCBuildConfiguration;
			buildSettings = {
				ASSETCATALOG_COMPILER_APPICON_NAME = AppIcon;
				ASSETCATALOG_COMPILER_GLOBAL_ACCENT_COLOR_NAME = AccentColor;
				CODE_SIGN_STYLE = Automatic;
				DEVELOPMENT_ASSET_PATHS = "\"MapInSwiftUIApp/Preview Content\"";
				DEVELOPMENT_TEAM = 4X6PHGF7Z3;
				ENABLE_PREVIEWS = YES;
				INFOPLIST_FILE = MapInSwiftUIApp/Info.plist;
				LD_RUNPATH_SEARCH_PATHS = (
					"$(inherited)",
					"@executable_path/Frameworks",
				);
				PRODUCT_BUNDLE_IDENTIFIER = uk.co.effectivecode.MapInSwiftUIApp;
				PRODUCT_NAME = "$(TARGET_NAME)";
				SWIFT_VERSION = 5.0;
				TARGETED_DEVICE_FAMILY = "1,2";
			};
			name = Release;
		};
/* End XCBuildConfiguration section */

/* Begin XCConfigurationList section */
		EE9F3E942513DDD700D1E484 /* Build configuration list for PBXProject "MapInSwiftUIApp" */ = {
			isa = XCConfigurationList;
			buildConfigurations = (
				EE9F3EAB2513DDD800D1E484 /* Debug */,
				EE9F3EAC2513DDD800D1E484 /* Release */,
			);
			defaultConfigurationIsVisible = 0;
			defaultConfigurationName = Release;
		};
		EE9F3EAD2513DDD800D1E484 /* Build configuration list for PBXNativeTarget "MapInSwiftUIApp" */ = {
			isa = XCConfigurationList;
			buildConfigurations = (
				EE9F3EAE2513DDD800D1E484 /* Debug */,
				EE9F3EAF2513DDD800D1E484 /* Release */,
			);
			defaultConfigurationIsVisible = 0;
			defaultConfigurationName = Release;
		};
/* End XCConfigurationList section */
	};
	rootObject = EE9F3E912513DDD700D1E484 /* Project object */;
}
