// !$*UTF8*$!
{
	archiveVersion = 1;
	classes = {
	};
	objectVersion = 50;
	objects = {

/* Begin PBXBuildFile section */
		EE21D3BE241ABD2B00A37BD1 /* AppDelegate.swift in Sources */ = {isa = PBXBuildFile; fileRef = EE21D3BD241ABD2B00A37BD1 /* AppDelegate.swift */; };
		EE21D3C0241ABD2B00A37BD1 /* SceneDelegate.swift in Sources */ = {isa = PBXBuildFile; fileRef = EE21D3BF241ABD2B00A37BD1 /* SceneDelegate.swift */; };
		EE21D3C2241ABD2B00A37BD1 /* ContentView.swift in Sources */ = {isa = PBXBuildFile; fileRef = EE21D3C1241ABD2B00A37BD1 /* ContentView.swift */; };
		EE21D3C4241ABD2D00A37BD1 /* Assets.xcassets in Resources */ = {isa = PBXBuildFile; fileRef = EE21D3C3241ABD2D00A37BD1 /* Assets.xcassets */; };
		EE21D3C7241ABD2D00A37BD1 /* Preview Assets.xcassets in Resources */ = {isa = PBXBuildFile; fileRef = EE21D3C6241ABD2D00A37BD1 /* Preview Assets.xcassets */; };
		EE21D3CA241ABD2D00A37BD1 /* LaunchScreen.storyboard in Resources */ = {isa = PBXBuildFile; fileRef = EE21D3C8241ABD2D00A37BD1 /* LaunchScreen.storyboard */; };
/* End PBXBuildFile section */

/* Begin PBXFileReference section */
		EE21D3BA241ABD2B00A37BD1 /* BasicAnimationsApp.app */ = {isa = PBXFileReference; explicitFileType = wrapper.application; includeInIndex = 0; path = BasicAnimationsApp.app; sourceTree = BUILT_PRODUCTS_DIR; };
		EE21D3BD241ABD2B00A37BD1 /* AppDelegate.swift */ = {isa = PBXFileReference; lastKnownFileType = sourcecode.swift; path = AppDelegate.swift; sourceTree = "<group>"; };
		EE21D3BF241ABD2B00A37BD1 /* SceneDelegate.swift */ = {isa = PBXFileReference; lastKnownFileType = sourcecode.swift; path = SceneDelegate.swift; sourceTree = "<group>"; };
		EE21D3C1241ABD2B00A37BD1 /* ContentView.swift */ = {isa = PBXFileReference; lastKnownFileType = sourcecode.swift; path = ContentView.swift; sourceTree = "<group>"; };
		EE21D3C3241ABD2D00A37BD1 /* Assets.xcassets */ = {isa = PBXFileReference; lastKnownFileType = folder.assetcatalog; path = Assets.xcassets; sourceTree = "<group>"; };
		EE21D3C6241ABD2D00A37BD1 /* Preview Assets.xcassets */ = {isa = PBXFileReference; lastKnownFileType = folder.assetcatalog; path = "Preview Assets.xcassets"; sourceTree = "<group>"; };
		EE21D3C9241ABD2D00A37BD1 /* Base */ = {isa = PBXFileReference; lastKnownFileType = file.storyboard; name = Base; path = Base.lproj/LaunchScreen.storyboard; sourceTree = "<group>"; };
		EE21D3CB241ABD2D00A37BD1 /* Info.plist */ = {isa = PBXFileReference; lastKnownFileType = text.plist.xml; path = Info.plist; sourceTree = "<group>"; };
/* End PBXFileReference section */

/* Begin PBXFrameworksBuildPhase section */
		EE21D3B7241ABD2B00A37BD1 /* Frameworks */ = {
			isa = PBXFrameworksBuildPhase;
			buildActionMask = 2147483647;
			files = (
			);
			runOnlyForDeploymentPostprocessing = 0;
		};
/* End PBXFrameworksBuildPhase section */

/* Begin PBXGroup section */
		EE21D3B1241ABD2B00A37BD1 = {
			isa = PBXGroup;
			children = (
				EE21D3BC241ABD2B00A37BD1 /* BasicAnimationsApp */,
				EE21D3BB241ABD2B00A37BD1 /* Products */,
			);
			sourceTree = "<group>";
		};
		EE21D3BB241ABD2B00A37BD1 /* Products */ = {
			isa = PBXGroup;
			children = (
				EE21D3BA241ABD2B00A37BD1 /* BasicAnimationsApp.app */,
			);
			name = Products;
			sourceTree = "<group>";
		};
		EE21D3BC241ABD2B00A37BD1 /* BasicAnimationsApp */ = {
			isa = PBXGroup;
			children = (
				EE21D3BD241ABD2B00A37BD1 /* AppDelegate.swift */,
				EE21D3BF241ABD2B00A37BD1 /* SceneDelegate.swift */,
				EE21D3C1241ABD2B00A37BD1 /* ContentView.swift */,
				EE21D3C3241ABD2D00A37BD1 /* Assets.xcassets */,
				EE21D3C8241ABD2D00A37BD1 /* LaunchScreen.storyboard */,
				EE21D3CB241ABD2D00A37BD1 /* Info.plist */,
				EE21D3C5241ABD2D00A37BD1 /* Preview Content */,
			);
			path = BasicAnimationsApp;
			sourceTree = "<group>";
		};
		EE21D3C5241ABD2D00A37BD1 /* Preview Content */ = {
			isa = PBXGroup;
			children = (
				EE21D3C6241ABD2D00A37BD1 /* Preview Assets.xcassets */,
			);
			path = "Preview Content";
			sourceTree = "<group>";
		};
/* End PBXGroup section */

/* Begin PBXNativeTarget section */
		EE21D3B9241ABD2B00A37BD1 /* BasicAnimationsApp */ = {
			isa = PBXNativeTarget;
			buildConfigurationList = EE21D3CE241ABD2D00A37BD1 /* Build configuration list for PBXNativeTarget "BasicAnimationsApp" */;
			buildPhases = (
				EE21D3B6241ABD2B00A37BD1 /* Sources */,
				EE21D3B7241ABD2B00A37BD1 /* Frameworks */,
				EE21D3B8241ABD2B00A37BD1 /* Resources */,
			);
			buildRules = (
			);
			dependencies = (
			);
			name = BasicAnimationsApp;
			productName = BasicAnimationsApp;
			productReference = EE21D3BA241ABD2B00A37BD1 /* BasicAnimationsApp.app */;
			productType = "com.apple.product-type.application";
		};
/* End PBXNativeTarget section */

/* Begin PBXProject section */
		EE21D3B2241ABD2B00A37BD1 /* Project object */ = {
			isa = PBXProject;
			attributes = {
				LastSwiftUpdateCheck = 1140;
				LastUpgradeCheck = 1200;
				ORGANIZATIONNAME = "giordano scalzo";
				TargetAttributes = {
					EE21D3B9241ABD2B00A37BD1 = {
						CreatedOnToolsVersion = 11.4;
					};
				};
			};
			buildConfigurationList = EE21D3B5241ABD2B00A37BD1 /* Build configuration list for PBXProject "BasicAnimationsApp" */;
			compatibilityVersion = "Xcode 9.3";
			developmentRegion = en;
			hasScannedForEncodings = 0;
			knownRegions = (
				en,
				Base,
			);
			mainGroup = EE21D3B1241ABD2B00A37BD1;
			productRefGroup = EE21D3BB241ABD2B00A37BD1 /* Products */;
			projectDirPath = "";
			projectRoot = "";
			targets = (
				EE21D3B9241ABD2B00A37BD1 /* BasicAnimationsApp */,
			);
		};
/* End PBXProject section */

/* Begin PBXResourcesBuildPhase section */
		EE21D3B8241ABD2B00A37BD1 /* Resources */ = {
			isa = PBXResourcesBuildPhase;
			buildActionMask = 2147483647;
			files = (
				EE21D3CA241ABD2D00A37BD1 /* LaunchScreen.storyboard in Resources */,
				EE21D3C7241ABD2D00A37BD1 /* Preview Assets.xcassets in Resources */,
				EE21D3C4241ABD2D00A37BD1 /* Assets.xcassets in Resources */,
			);
			runOnlyForDeploymentPostprocessing = 0;
		};
/* End PBXResourcesBuildPhase section */

/* Begin PBXSourcesBuildPhase section */
		EE21D3B6241ABD2B00A37BD1 /* Sources */ = {
			isa = PBXSourcesBuildPhase;
			buildActionMask = 2147483647;
			files = (
				EE21D3BE241ABD2B00A37BD1 /* AppDelegate.swift in Sources */,
				EE21D3C0241ABD2B00A37BD1 /* SceneDelegate.swift in Sources */,
				EE21D3C2241ABD2B00A37BD1 /* ContentView.swift in Sources */,
			);
			runOnlyForDeploymentPostprocessing = 0;
		};
/* End PBXSourcesBuildPhase section */

/* Begin PBXVariantGroup section */
		EE21D3C8241ABD2D00A37BD1 /* LaunchScreen.storyboard */ = {
			isa = PBXVariantGroup;
			children = (
				EE21D3C9241ABD2D00A37BD1 /* Base */,
			);
			name = LaunchScreen.storyboard;
			sourceTree = "<group>";
		};
/* End PBXVariantGroup section */

/* Begin XCBuildConfiguration section */
		EE21D3CC241ABD2D00A37BD1 /* Debug */ = {
			isa = XCBuildConfiguration;
			buildSettings = {
				ALWAYS_SEARCH_USER_PATHS = NO;
				CLANG_ANALYZER_NONNULL = YES;
				CLANG_ANALYZER_NUMBER_OBJECT_CONVERSION = YES_AGGRESSIVE;
				CLANG_CXX_LANGUAGE_STANDARD = "gnu++14";
				CLANG_CXX_LIBRARY = "libc++";
				CLANG_ENABLE_MODULES = YES;
				CLANG_ENABLE_OBJC_ARC = YES;
				CLANG_ENABLE_OBJC_WEAK = YES;
				CLANG_WARN_BLOCK_CAPTURE_AUTORELEASING = YES;
				CLANG_WARN_BOOL_CONVERSION = YES;
				CLANG_WARN_COMMA = YES;
				CLANG_WARN_CONSTANT_CONVERSION = YES;
				CLANG_WARN_DEPRECATED_OBJC_IMPLEMENTATIONS = YES;
				CLANG_WARN_DIRECT_OBJC_ISA_USAGE = YES_ERROR;
				CLANG_WARN_DOCUMENTATION_COMMENTS = YES;
				CLANG_WARN_EMPTY_BODY = YES;
				CLANG_WARN_ENUM_CONVERSION = YES;
				CLANG_WARN_INFINITE_RECURSION = YES;
				CLANG_WARN_INT_CONVERSION = YES;
				CLANG_WARN_NON_LITERAL_NULL_CONVERSION = YES;
				CLANG_WARN_OBJC_IMPLICIT_RETAIN_SELF = YES;
				CLANG_WARN_OBJC_LITERAL_CONVERSION = YES;
				CLANG_WARN_OBJC_ROOT_CLASS = YES_ERROR;
				CLANG_WARN_QUOTED_INCLUDE_IN_FRAMEWORK_HEADER = YES;
				CLANG_WARN_RANGE_LOOP_ANALYSIS = YES;
				CLANG_WARN_STRICT_PROTOTYPES = YES;
				CLANG_WARN_SUSPICIOUS_MOVE = YES;
				CLANG_WARN_UNGUARDED_AVAILABILITY = YES_AGGRESSIVE;
				CLANG_WARN_UNREACHABLE_CODE = YES;
				CLANG_WARN__DUPLICATE_METHOD_MATCH = YES;
				COPY_PHASE_STRIP = NO;
				DEBUG_INFORMATION_FORMAT = dwarf;
				ENABLE_STRICT_OBJC_MSGSEND = YES;
				ENABLE_TESTABILITY = YES;
				GCC_C_LANGUAGE_STANDARD = gnu11;
				GCC_DYNAMIC_NO_PIC = NO;
				GCC_NO_COMMON_BLOCKS = YES;
				GCC_OPTIMIZATION_LEVEL = 0;
				GCC_PREPROCESSOR_DEFINITIONS = (
					"DEBUG=1",
					"$(inherited)",
				);
				GCC_WARN_64_TO_32_BIT_CONVERSION = YES;
				GCC_WARN_ABOUT_RETURN_TYPE = YES_ERROR;
				GCC_WARN_UNDECLARED_SELECTOR = YES;
				GCC_WARN_UNINITIALIZED_AUTOS = YES_AGGRESSIVE;
				GCC_WARN_UNUSED_FUNCTION = YES;
				GCC_WARN_UNUSED_VARIABLE = YES;
				IPHONEOS_DEPLOYMENT_TARGET = 13.4;
				MTL_ENABLE_DEBUG_INFO = INCLUDE_SOURCE;
				MTL_FAST_MATH = YES;
				ONLY_ACTIVE_ARCH = YES;
				SDKROOT = iphoneos;
				SWIFT_ACTIVE_COMPILATION_CONDITIONS = DEBUG;
				SWIFT_OPTIMIZATION_LEVEL = "-Onone";
			};
			name = Debug;
		};
		EE21D3CD241ABD2D00A37BD1 /* Release */ = {
			isa = XCBuildConfiguration;
			buildSettings = {
				ALWAYS_SEARCH_USER_PATHS = NO;
				CLANG_ANALYZER_NONNULL = YES;
				CLANG_ANALYZER_NUMBER_OBJECT_CONVERSION = YES_AGGRESSIVE;
				CLANG_CXX_LANGUAGE_STANDARD = "gnu++14";
				CLANG_CXX_LIBRARY = "libc++";
				CLANG_ENABLE_MODULES = YES;
				CLANG_ENABLE_OBJC_ARC = YES;
				CLANG_ENABLE_OBJC_WEAK = YES;
				CLANG_WARN_BLOCK_CAPTURE_AUTORELEASING = YES;
				CLANG_WARN_BOOL_CONVERSION = YES;
				CLANG_WARN_COMMA = YES;
				CLANG_WARN_CONSTANT_CONVERSION = YES;
				CLANG_WARN_DEPRECATED_OBJC_IMPLEMENTATIONS = YES;
				CLANG_WARN_DIRECT_OBJC_ISA_USAGE = YES_ERROR;
				CLANG_WARN_DOCUMENTATION_COMMENTS = YES;
				CLANG_WARN_EMPTY_BODY = YES;
				CLANG_WARN_ENUM_CONVERSION = YES;
				CLANG_WARN_INFINITE_RECURSION = YES;
				CLANG_WARN_INT_CONVERSION = YES;
				CLANG_WARN_NON_LITERAL_NULL_CONVERSION = YES;
				CLANG_WARN_OBJC_IMPLICIT_RETAIN_SELF = YES;
				CLANG_WARN_OBJC_LITERAL_CONVERSION = YES;
				CLANG_WARN_OBJC_ROOT_CLASS = YES_ERROR;
				CLANG_WARN_QUOTED_INCLUDE_IN_FRAMEWORK_HEADER = YES;
				CLANG_WARN_RANGE_LOOP_ANALYSIS = YES;
				CLANG_WARN_STRICT_PROTOTYPES = YES;
				CLANG_WARN_SUSPICIOUS_MOVE = YES;
				CLANG_WARN_UNGUARDED_AVAILABILITY = YES_AGGRESSIVE;
				CLANG_WARN_UNREACHABLE_CODE = YES;
				CLANG_WARN__DUPLICATE_METHOD_MATCH = YES;
				COPY_PHASE_STRIP = NO;
				DEBUG_INFORMATION_FORMAT = "dwarf-with-dsym";
				ENABLE_NS_ASSERTIONS = NO;
				ENABLE_STRICT_OBJC_MSGSEND = YES;
				GCC_C_LANGUAGE_STANDARD = gnu11;
				GCC_NO_COMMON_BLOCKS = YES;
				GCC_WARN_64_TO_32_BIT_CONVERSION = YES;
				GCC_WARN_ABOUT_RETURN_TYPE = YES_ERROR;
				GCC_WARN_UNDECLARED_SELECTOR = YES;
				GCC_WARN_UNINITIALIZED_AUTOS = YES_AGGRESSIVE;
				GCC_WARN_UNUSED_FUNCTION = YES;
				GCC_WARN_UNUSED_VARIABLE = YES;
				IPHONEOS_DEPLOYMENT_TARGET = 13.4;
				MTL_ENABLE_DEBUG_INFO = NO;
				MTL_FAST_MATH = YES;
				SDKROOT = iphoneos;
				SWIFT_COMPILATION_MODE = wholemodule;
				SWIFT_OPTIMIZATION_LEVEL = "-O";
				VALIDATE_PRODUCT = YES;
			};
			name = Release;
		};
		EE21D3CF241ABD2D00A37BD1 /* Debug */ = {
			isa = XCBuildConfiguration;
			buildSettings = {
				ASSETCATALOG_COMPILER_APPICON_NAME = AppIcon;
				CODE_SIGN_STYLE = Automatic;
				DEVELOPMENT_ASSET_PATHS = "\"BasicAnimationsApp/Preview Content\"";
				DEVELOPMENT_TEAM = 4X6PHGF7Z3;
				ENABLE_PREVIEWS = YES;
				INFOPLIST_FILE = BasicAnimationsApp/Info.plist;
				LD_RUNPATH_SEARCH_PATHS = (
					"$(inherited)",
					"@executable_path/Frameworks",
				);
				PRODUCT_BUNDLE_IDENTIFIER = uk.co.effectivecode.BasicAnimationsApp;
				PRODUCT_NAME = "$(TARGET_NAME)";
				SWIFT_VERSION = 5.0;
				TARGETED_DEVICE_FAMILY = "1,2";
			};
			name = Debug;
		};
		EE21D3D0241ABD2D00A37BD1 /* Release */ = {
			isa = XCBuildConfiguration;
			buildSettings = {
				ASSETCATALOG_COMPILER_APPICON_NAME = AppIcon;
				CODE_SIGN_STYLE = Automatic;
				DEVELOPMENT_ASSET_PATHS = "\"BasicAnimationsApp/Preview Content\"";
				DEVELOPMENT_TEAM = 4X6PHGF7Z3;
				ENABLE_PREVIEWS = YES;
				INFOPLIST_FILE = BasicAnimationsApp/Info.plist;
				LD_RUNPATH_SEARCH_PATHS = (
					"$(inherited)",
					"@executable_path/Frameworks",
				);
				PRODUCT_BUNDLE_IDENTIFIER = uk.co.effectivecode.BasicAnimationsApp;
				PRODUCT_NAME = "$(TARGET_NAME)";
				SWIFT_VERSION = 5.0;
				TARGETED_DEVICE_FAMILY = "1,2";
			};
			name = Release;
		};
/* End XCBuildConfiguration section */

/* Begin XCConfigurationList section */
		EE21D3B5241ABD2B00A37BD1 /* Build configuration list for PBXProject "BasicAnimationsApp" */ = {
			isa = XCConfigurationList;
			buildConfigurations = (
				EE21D3CC241ABD2D00A37BD1 /* Debug */,
				EE21D3CD241ABD2D00A37BD1 /* Release */,
			);
			defaultConfigurationIsVisible = 0;
			defaultConfigurationName = Release;
		};
		EE21D3CE241ABD2D00A37BD1 /* Build configuration list for PBXNativeTarget "BasicAnimationsApp" */ = {
			isa = XCConfigurationList;
			buildConfigurations = (
				EE21D3CF241ABD2D00A37BD1 /* Debug */,
				EE21D3D0241ABD2D00A37BD1 /* Release */,
			);
			defaultConfigurationIsVisible = 0;
			defaultConfigurationName = Release;
		};
/* End XCConfigurationList section */
	};
	rootObject = EE21D3B2241ABD2B00A37BD1 /* Project object */;
}
