// !$*UTF8*$!
{
	archiveVersion = 1;
	classes = {
	};
	objectVersion = 50;
	objects = {

/* Begin PBXBuildFile section */
		EE7023F1246B0F9600C0AAF2 /* CoreDataStack.swift in Sources */ = {isa = PBXBuildFile; fileRef = EE7023F0246B0F9600C0AAF2 /* CoreDataStack.swift */; };
		EED02C542468709800F4DD53 /* AppDelegate.swift in Sources */ = {isa = PBXBuildFile; fileRef = EED02C532468709800F4DD53 /* AppDelegate.swift */; };
		EED02C562468709800F4DD53 /* SceneDelegate.swift in Sources */ = {isa = PBXBuildFile; fileRef = EED02C552468709800F4DD53 /* SceneDelegate.swift */; };
		EED02C582468709800F4DD53 /* ContentView.swift in Sources */ = {isa = PBXBuildFile; fileRef = EED02C572468709800F4DD53 /* ContentView.swift */; };
		EED02C5A2468709900F4DD53 /* Assets.xcassets in Resources */ = {isa = PBXBuildFile; fileRef = EED02C592468709900F4DD53 /* Assets.xcassets */; };
		EED02C5D2468709900F4DD53 /* Preview Assets.xcassets in Resources */ = {isa = PBXBuildFile; fileRef = EED02C5C2468709900F4DD53 /* Preview Assets.xcassets */; };
		EED02C602468709900F4DD53 /* LaunchScreen.storyboard in Resources */ = {isa = PBXBuildFile; fileRef = EED02C5E2468709900F4DD53 /* LaunchScreen.storyboard */; };
		EED02C692468741C00F4DD53 /* ContactsModel.xcdatamodeld in Sources */ = {isa = PBXBuildFile; fileRef = EED02C672468741C00F4DD53 /* ContactsModel.xcdatamodeld */; };
/* End PBXBuildFile section */

/* Begin PBXFileReference section */
		EE7023F0246B0F9600C0AAF2 /* CoreDataStack.swift */ = {isa = PBXFileReference; lastKnownFileType = sourcecode.swift; path = CoreDataStack.swift; sourceTree = "<group>"; };
		EED02C502468709800F4DD53 /* SwiftUICoreDataStackApp.app */ = {isa = PBXFileReference; explicitFileType = wrapper.application; includeInIndex = 0; path = SwiftUICoreDataStackApp.app; sourceTree = BUILT_PRODUCTS_DIR; };
		EED02C532468709800F4DD53 /* AppDelegate.swift */ = {isa = PBXFileReference; lastKnownFileType = sourcecode.swift; path = AppDelegate.swift; sourceTree = "<group>"; };
		EED02C552468709800F4DD53 /* SceneDelegate.swift */ = {isa = PBXFileReference; lastKnownFileType = sourcecode.swift; path = SceneDelegate.swift; sourceTree = "<group>"; };
		EED02C572468709800F4DD53 /* ContentView.swift */ = {isa = PBXFileReference; lastKnownFileType = sourcecode.swift; path = ContentView.swift; sourceTree = "<group>"; };
		EED02C592468709900F4DD53 /* Assets.xcassets */ = {isa = PBXFileReference; lastKnownFileType = folder.assetcatalog; path = Assets.xcassets; sourceTree = "<group>"; };
		EED02C5C2468709900F4DD53 /* Preview Assets.xcassets */ = {isa = PBXFileReference; lastKnownFileType = folder.assetcatalog; path = "Preview Assets.xcassets"; sourceTree = "<group>"; };
		EED02C5F2468709900F4DD53 /* Base */ = {isa = PBXFileReference; lastKnownFileType = file.storyboard; name = Base; path = Base.lproj/LaunchScreen.storyboard; sourceTree = "<group>"; };
		EED02C612468709900F4DD53 /* Info.plist */ = {isa = PBXFileReference; lastKnownFileType = text.plist.xml; path = Info.plist; sourceTree = "<group>"; };
		EED02C682468741C00F4DD53 /* ContactsModel.xcdatamodel */ = {isa = PBXFileReference; lastKnownFileType = wrapper.xcdatamodel; path = ContactsModel.xcdatamodel; sourceTree = "<group>"; };
/* End PBXFileReference section */

/* Begin PBXFrameworksBuildPhase section */
		EED02C4D2468709800F4DD53 /* Frameworks */ = {
			isa = PBXFrameworksBuildPhase;
			buildActionMask = 2147483647;
			files = (
			);
			runOnlyForDeploymentPostprocessing = 0;
		};
/* End PBXFrameworksBuildPhase section */

/* Begin PBXGroup section */
		EED02C472468709800F4DD53 = {
			isa = PBXGroup;
			children = (
				EED02C522468709800F4DD53 /* SwiftUICoreDataStackApp */,
				EED02C512468709800F4DD53 /* Products */,
			);
			sourceTree = "<group>";
		};
		EED02C512468709800F4DD53 /* Products */ = {
			isa = PBXGroup;
			children = (
				EED02C502468709800F4DD53 /* SwiftUICoreDataStackApp.app */,
			);
			name = Products;
			sourceTree = "<group>";
		};
		EED02C522468709800F4DD53 /* SwiftUICoreDataStackApp */ = {
			isa = PBXGroup;
			children = (
				EED02C532468709800F4DD53 /* AppDelegate.swift */,
				EED02C552468709800F4DD53 /* SceneDelegate.swift */,
				EE7023F0246B0F9600C0AAF2 /* CoreDataStack.swift */,
				EED02C572468709800F4DD53 /* ContentView.swift */,
				EED02C672468741C00F4DD53 /* ContactsModel.xcdatamodeld */,
				EED02C592468709900F4DD53 /* Assets.xcassets */,
				EED02C5E2468709900F4DD53 /* LaunchScreen.storyboard */,
				EED02C612468709900F4DD53 /* Info.plist */,
				EED02C5B2468709900F4DD53 /* Preview Content */,
			);
			path = SwiftUICoreDataStackApp;
			sourceTree = "<group>";
		};
		EED02C5B2468709900F4DD53 /* Preview Content */ = {
			isa = PBXGroup;
			children = (
				EED02C5C2468709900F4DD53 /* Preview Assets.xcassets */,
			);
			path = "Preview Content";
			sourceTree = "<group>";
		};
/* End PBXGroup section */

/* Begin PBXNativeTarget section */
		EED02C4F2468709800F4DD53 /* SwiftUICoreDataStackApp */ = {
			isa = PBXNativeTarget;
			buildConfigurationList = EED02C642468709900F4DD53 /* Build configuration list for PBXNativeTarget "SwiftUICoreDataStackApp" */;
			buildPhases = (
				EED02C4C2468709800F4DD53 /* Sources */,
				EED02C4D2468709800F4DD53 /* Frameworks */,
				EED02C4E2468709800F4DD53 /* Resources */,
			);
			buildRules = (
			);
			dependencies = (
			);
			name = SwiftUICoreDataStackApp;
			productName = SwiftUICoreDataStackApp;
			productReference = EED02C502468709800F4DD53 /* SwiftUICoreDataStackApp.app */;
			productType = "com.apple.product-type.application";
		};
/* End PBXNativeTarget section */

/* Begin PBXProject section */
		EED02C482468709800F4DD53 /* Project object */ = {
			isa = PBXProject;
			attributes = {
				LastSwiftUpdateCheck = 1140;
				LastUpgradeCheck = 1140;
				ORGANIZATIONNAME = "giordano scalzo";
				TargetAttributes = {
					EED02C4F2468709800F4DD53 = {
						CreatedOnToolsVersion = 11.4.1;
					};
				};
			};
			buildConfigurationList = EED02C4B2468709800F4DD53 /* Build configuration list for PBXProject "SwiftUICoreDataStackApp" */;
			compatibilityVersion = "Xcode 9.3";
			developmentRegion = en;
			hasScannedForEncodings = 0;
			knownRegions = (
				en,
				Base,
			);
			mainGroup = EED02C472468709800F4DD53;
			productRefGroup = EED02C512468709800F4DD53 /* Products */;
			projectDirPath = "";
			projectRoot = "";
			targets = (
				EED02C4F2468709800F4DD53 /* SwiftUICoreDataStackApp */,
			);
		};
/* End PBXProject section */

/* Begin PBXResourcesBuildPhase section */
		EED02C4E2468709800F4DD53 /* Resources */ = {
			isa = PBXResourcesBuildPhase;
			buildActionMask = 2147483647;
			files = (
				EED02C602468709900F4DD53 /* LaunchScreen.storyboard in Resources */,
				EED02C5D2468709900F4DD53 /* Preview Assets.xcassets in Resources */,
				EED02C5A2468709900F4DD53 /* Assets.xcassets in Resources */,
			);
			runOnlyForDeploymentPostprocessing = 0;
		};
/* End PBXResourcesBuildPhase section */

/* Begin PBXSourcesBuildPhase section */
		EED02C4C2468709800F4DD53 /* Sources */ = {
			isa = PBXSourcesBuildPhase;
			buildActionMask = 2147483647;
			files = (
				EE7023F1246B0F9600C0AAF2 /* CoreDataStack.swift in Sources */,
				EED02C542468709800F4DD53 /* AppDelegate.swift in Sources */,
				EED02C562468709800F4DD53 /* SceneDelegate.swift in Sources */,
				EED02C692468741C00F4DD53 /* ContactsModel.xcdatamodeld in Sources */,
				EED02C582468709800F4DD53 /* ContentView.swift in Sources */,
			);
			runOnlyForDeploymentPostprocessing = 0;
		};
/* End PBXSourcesBuildPhase section */

/* Begin PBXVariantGroup section */
		EED02C5E2468709900F4DD53 /* LaunchScreen.storyboard */ = {
			isa = PBXVariantGroup;
			children = (
				EED02C5F2468709900F4DD53 /* Base */,
			);
			name = LaunchScreen.storyboard;
			sourceTree = "<group>";
		};
/* End PBXVariantGroup section */

/* Begin XCBuildConfiguration section */
		EED02C622468709900F4DD53 /* Debug */ = {
			isa = XCBuildConfiguration;
			buildSettings = {
				ALWAYS_SEARCH_USER_PATHS = NO;
				CLANG_ANALYZER_NONNULL = YES;
				CLANG_ANALYZER_NUMBER_OBJECT_CONVERSION = YES_AGGRESSIVE;
				CLANG_CXX_LANGUAGE_STANDARD = "gnu++14";
				CLANG_CXX_LIBRARY = "libc++";
				CLANG_ENABLE_MODULES = YES;
				CLANG_ENABLE_OBJC_ARC = YES;
				CLANG_ENABLE_OBJC_WEAK = YES;
				CLANG_WARN_BLOCK_CAPTURE_AUTORELEASING = YES;
				CLANG_WARN_BOOL_CONVERSION = YES;
				CLANG_WARN_COMMA = YES;
				CLANG_WARN_CONSTANT_CONVERSION = YES;
				CLANG_WARN_DEPRECATED_OBJC_IMPLEMENTATIONS = YES;
				CLANG_WARN_DIRECT_OBJC_ISA_USAGE = YES_ERROR;
				CLANG_WARN_DOCUMENTATION_COMMENTS = YES;
				CLANG_WARN_EMPTY_BODY = YES;
				CLANG_WARN_ENUM_CONVERSION = YES;
				CLANG_WARN_INFINITE_RECURSION = YES;
				CLANG_WARN_INT_CONVERSION = YES;
				CLANG_WARN_NON_LITERAL_NULL_CONVERSION = YES;
				CLANG_WARN_OBJC_IMPLICIT_RETAIN_SELF = YES;
				CLANG_WARN_OBJC_LITERAL_CONVERSION = YES;
				CLANG_WARN_OBJC_ROOT_CLASS = YES_ERROR;
				CLANG_WARN_RANGE_LOOP_ANALYSIS = YES;
				CLANG_WARN_STRICT_PROTOTYPES = YES;
				CLANG_WARN_SUSPICIOUS_MOVE = YES;
				CLANG_WARN_UNGUARDED_AVAILABILITY = YES_AGGRESSIVE;
				CLANG_WARN_UNREACHABLE_CODE = YES;
				CLANG_WARN__DUPLICATE_METHOD_MATCH = YES;
				COPY_PHASE_STRIP = NO;
				DEBUG_INFORMATION_FORMAT = dwarf;
				ENABLE_STRICT_OBJC_MSGSEND = YES;
				ENABLE_TESTABILITY = YES;
				GCC_C_LANGUAGE_STANDARD = gnu11;
				GCC_DYNAMIC_NO_PIC = NO;
				GCC_NO_COMMON_BLOCKS = YES;
				GCC_OPTIMIZATION_LEVEL = 0;
				GCC_PREPROCESSOR_DEFINITIONS = (
					"DEBUG=1",
					"$(inherited)",
				);
				GCC_WARN_64_TO_32_BIT_CONVERSION = YES;
				GCC_WARN_ABOUT_RETURN_TYPE = YES_ERROR;
				GCC_WARN_UNDECLARED_SELECTOR = YES;
				GCC_WARN_UNINITIALIZED_AUTOS = YES_AGGRESSIVE;
				GCC_WARN_UNUSED_FUNCTION = YES;
				GCC_WARN_UNUSED_VARIABLE = YES;
				IPHONEOS_DEPLOYMENT_TARGET = 13.4;
				MTL_ENABLE_DEBUG_INFO = INCLUDE_SOURCE;
				MTL_FAST_MATH = YES;
				ONLY_ACTIVE_ARCH = YES;
				SDKROOT = iphoneos;
				SWIFT_ACTIVE_COMPILATION_CONDITIONS = DEBUG;
				SWIFT_OPTIMIZATION_LEVEL = "-Onone";
			};
			name = Debug;
		};
		EED02C632468709900F4DD53 /* Release */ = {
			isa = XCBuildConfiguration;
			buildSettings = {
				ALWAYS_SEARCH_USER_PATHS = NO;
				CLANG_ANALYZER_NONNULL = YES;
				CLANG_ANALYZER_NUMBER_OBJECT_CONVERSION = YES_AGGRESSIVE;
				CLANG_CXX_LANGUAGE_STANDARD = "gnu++14";
				CLANG_CXX_LIBRARY = "libc++";
				CLANG_ENABLE_MODULES = YES;
				CLANG_ENABLE_OBJC_ARC = YES;
				CLANG_ENABLE_OBJC_WEAK = YES;
				CLANG_WARN_BLOCK_CAPTURE_AUTORELEASING = YES;
				CLANG_WARN_BOOL_CONVERSION = YES;
				CLANG_WARN_COMMA = YES;
				CLANG_WARN_CONSTANT_CONVERSION = YES;
				CLANG_WARN_DEPRECATED_OBJC_IMPLEMENTATIONS = YES;
				CLANG_WARN_DIRECT_OBJC_ISA_USAGE = YES_ERROR;
				CLANG_WARN_DOCUMENTATION_COMMENTS = YES;
				CLANG_WARN_EMPTY_BODY = YES;
				CLANG_WARN_ENUM_CONVERSION = YES;
				CLANG_WARN_INFINITE_RECURSION = YES;
				CLANG_WARN_INT_CONVERSION = YES;
				CLANG_WARN_NON_LITERAL_NULL_CONVERSION = YES;
				CLANG_WARN_OBJC_IMPLICIT_RETAIN_SELF = YES;
				CLANG_WARN_OBJC_LITERAL_CONVERSION = YES;
				CLANG_WARN_OBJC_ROOT_CLASS = YES_ERROR;
				CLANG_WARN_RANGE_LOOP_ANALYSIS = YES;
				CLANG_WARN_STRICT_PROTOTYPES = YES;
				CLANG_WARN_SUSPICIOUS_MOVE = YES;
				CLANG_WARN_UNGUARDED_AVAILABILITY = YES_AGGRESSIVE;
				CLANG_WARN_UNREACHABLE_CODE = YES;
				CLANG_WARN__DUPLICATE_METHOD_MATCH = YES;
				COPY_PHASE_STRIP = NO;
				DEBUG_INFORMATION_FORMAT = "dwarf-with-dsym";
				ENABLE_NS_ASSERTIONS = NO;
				ENABLE_STRICT_OBJC_MSGSEND = YES;
				GCC_C_LANGUAGE_STANDARD = gnu11;
				GCC_NO_COMMON_BLOCKS = YES;
				GCC_WARN_64_TO_32_BIT_CONVERSION = YES;
				GCC_WARN_ABOUT_RETURN_TYPE = YES_ERROR;
				GCC_WARN_UNDECLARED_SELECTOR = YES;
				GCC_WARN_UNINITIALIZED_AUTOS = YES_AGGRESSIVE;
				GCC_WARN_UNUSED_FUNCTION = YES;
				GCC_WARN_UNUSED_VARIABLE = YES;
				IPHONEOS_DEPLOYMENT_TARGET = 13.4;
				MTL_ENABLE_DEBUG_INFO = NO;
				MTL_FAST_MATH = YES;
				SDKROOT = iphoneos;
				SWIFT_COMPILATION_MODE = wholemodule;
				SWIFT_OPTIMIZATION_LEVEL = "-O";
				VALIDATE_PRODUCT = YES;
			};
			name = Release;
		};
		EED02C652468709900F4DD53 /* Debug */ = {
			isa = XCBuildConfiguration;
			buildSettings = {
				ASSETCATALOG_COMPILER_APPICON_NAME = AppIcon;
				CODE_SIGN_STYLE = Automatic;
				DEVELOPMENT_ASSET_PATHS = "\"SwiftUICoreDataStackApp/Preview Content\"";
				DEVELOPMENT_TEAM = 4X6PHGF7Z3;
				ENABLE_PREVIEWS = YES;
				INFOPLIST_FILE = SwiftUICoreDataStackApp/Info.plist;
				LD_RUNPATH_SEARCH_PATHS = (
					"$(inherited)",
					"@executable_path/Frameworks",
				);
				PRODUCT_BUNDLE_IDENTIFIER = uk.co.effectivecode.SwiftUICoreDataStackApp;
				PRODUCT_NAME = "$(TARGET_NAME)";
				SWIFT_VERSION = 5.0;
				TARGETED_DEVICE_FAMILY = "1,2";
			};
			name = Debug;
		};
		EED02C662468709900F4DD53 /* Release */ = {
			isa = XCBuildConfiguration;
			buildSettings = {
				ASSETCATALOG_COMPILER_APPICON_NAME = AppIcon;
				CODE_SIGN_STYLE = Automatic;
				DEVELOPMENT_ASSET_PATHS = "\"SwiftUICoreDataStackApp/Preview Content\"";
				DEVELOPMENT_TEAM = 4X6PHGF7Z3;
				ENABLE_PREVIEWS = YES;
				INFOPLIST_FILE = SwiftUICoreDataStackApp/Info.plist;
				LD_RUNPATH_SEARCH_PATHS = (
					"$(inherited)",
					"@executable_path/Frameworks",
				);
				PRODUCT_BUNDLE_IDENTIFIER = uk.co.effectivecode.SwiftUICoreDataStackApp;
				PRODUCT_NAME = "$(TARGET_NAME)";
				SWIFT_VERSION = 5.0;
				TARGETED_DEVICE_FAMILY = "1,2";
			};
			name = Release;
		};
/* End XCBuildConfiguration section */

/* Begin XCConfigurationList section */
		EED02C4B2468709800F4DD53 /* Build configuration list for PBXProject "SwiftUICoreDataStackApp" */ = {
			isa = XCConfigurationList;
			buildConfigurations = (
				EED02C622468709900F4DD53 /* Debug */,
				EED02C632468709900F4DD53 /* Release */,
			);
			defaultConfigurationIsVisible = 0;
			defaultConfigurationName = Release;
		};
		EED02C642468709900F4DD53 /* Build configuration list for PBXNativeTarget "SwiftUICoreDataStackApp" */ = {
			isa = XCConfigurationList;
			buildConfigurations = (
				EED02C652468709900F4DD53 /* Debug */,
				EED02C662468709900F4DD53 /* Release */,
			);
			defaultConfigurationIsVisible = 0;
			defaultConfigurationName = Release;
		};
/* End XCConfigurationList section */

/* Begin XCVersionGroup section */
		EED02C672468741C00F4DD53 /* ContactsModel.xcdatamodeld */ = {
			isa = XCVersionGroup;
			children = (
				EED02C682468741C00F4DD53 /* ContactsModel.xcdatamodel */,
			);
			currentVersion = EED02C682468741C00F4DD53 /* ContactsModel.xcdatamodel */;
			path = ContactsModel.xcdatamodeld;
			sourceTree = "<group>";
			versionGroupType = wrapper.xcdatamodel;
		};
/* End XCVersionGroup section */
	};
	rootObject = EED02C482468709800F4DD53 /* Project object */;
}
