// !$*UTF8*$!
{
	archiveVersion = 1;
	classes = {
	};
	objectVersion = 50;
	objects = {

/* Begin PBXBuildFile section */
		EE0E224B24E83AE500564510 /* githubUsers.json in Resources */ = {isa = PBXBuildFile; fileRef = EE0E224A24E83AE500564510 /* githubUsers.json */; };
		EEA1714D243A49C9009B3455 /* AppDelegate.swift in Sources */ = {isa = PBXBuildFile; fileRef = EEA1714C243A49C9009B3455 /* AppDelegate.swift */; };
		EEA1714F243A49CA009B3455 /* SceneDelegate.swift in Sources */ = {isa = PBXBuildFile; fileRef = EEA1714E243A49CA009B3455 /* SceneDelegate.swift */; };
		EEA17151243A49CA009B3455 /* ContentView.swift in Sources */ = {isa = PBXBuildFile; fileRef = EEA17150243A49CA009B3455 /* ContentView.swift */; };
		EEA17153243A49CC009B3455 /* Assets.xcassets in Resources */ = {isa = PBXBuildFile; fileRef = EEA17152243A49CC009B3455 /* Assets.xcassets */; };
		EEA17156243A49CC009B3455 /* Preview Assets.xcassets in Resources */ = {isa = PBXBuildFile; fileRef = EEA17155243A49CC009B3455 /* Preview Assets.xcassets */; };
		EEA17159243A49CC009B3455 /* LaunchScreen.storyboard in Resources */ = {isa = PBXBuildFile; fileRef = EEA17157243A49CC009B3455 /* LaunchScreen.storyboard */; };
		EEA17164243A49CC009B3455 /* GithubUsersAppTests.swift in Sources */ = {isa = PBXBuildFile; fileRef = EEA17163243A49CC009B3455 /* GithubUsersAppTests.swift */; };
/* End PBXBuildFile section */

/* Begin PBXContainerItemProxy section */
		EEA17160243A49CC009B3455 /* PBXContainerItemProxy */ = {
			isa = PBXContainerItemProxy;
			containerPortal = EEA17141243A49C9009B3455 /* Project object */;
			proxyType = 1;
			remoteGlobalIDString = EEA17148243A49C9009B3455;
			remoteInfo = GithubUsersApp;
		};
/* End PBXContainerItemProxy section */

/* Begin PBXFileReference section */
		EE0E224A24E83AE500564510 /* githubUsers.json */ = {isa = PBXFileReference; fileEncoding = 4; lastKnownFileType = text.json; path = githubUsers.json; sourceTree = "<group>"; };
		EEA17149243A49C9009B3455 /* GithubUsersApp.app */ = {isa = PBXFileReference; explicitFileType = wrapper.application; includeInIndex = 0; path = GithubUsersApp.app; sourceTree = BUILT_PRODUCTS_DIR; };
		EEA1714C243A49C9009B3455 /* AppDelegate.swift */ = {isa = PBXFileReference; lastKnownFileType = sourcecode.swift; path = AppDelegate.swift; sourceTree = "<group>"; };
		EEA1714E243A49CA009B3455 /* SceneDelegate.swift */ = {isa = PBXFileReference; lastKnownFileType = sourcecode.swift; path = SceneDelegate.swift; sourceTree = "<group>"; };
		EEA17150243A49CA009B3455 /* ContentView.swift */ = {isa = PBXFileReference; lastKnownFileType = sourcecode.swift; path = ContentView.swift; sourceTree = "<group>"; };
		EEA17152243A49CC009B3455 /* Assets.xcassets */ = {isa = PBXFileReference; lastKnownFileType = folder.assetcatalog; path = Assets.xcassets; sourceTree = "<group>"; };
		EEA17155243A49CC009B3455 /* Preview Assets.xcassets */ = {isa = PBXFileReference; lastKnownFileType = folder.assetcatalog; path = "Preview Assets.xcassets"; sourceTree = "<group>"; };
		EEA17158243A49CC009B3455 /* Base */ = {isa = PBXFileReference; lastKnownFileType = file.storyboard; name = Base; path = Base.lproj/LaunchScreen.storyboard; sourceTree = "<group>"; };
		EEA1715A243A49CC009B3455 /* Info.plist */ = {isa = PBXFileReference; lastKnownFileType = text.plist.xml; path = Info.plist; sourceTree = "<group>"; };
		EEA1715F243A49CC009B3455 /* GithubUsersAppTests.xctest */ = {isa = PBXFileReference; explicitFileType = wrapper.cfbundle; includeInIndex = 0; path = GithubUsersAppTests.xctest; sourceTree = BUILT_PRODUCTS_DIR; };
		EEA17163243A49CC009B3455 /* GithubUsersAppTests.swift */ = {isa = PBXFileReference; lastKnownFileType = sourcecode.swift; path = GithubUsersAppTests.swift; sourceTree = "<group>"; };
		EEA17165243A49CC009B3455 /* Info.plist */ = {isa = PBXFileReference; lastKnownFileType = text.plist.xml; path = Info.plist; sourceTree = "<group>"; };
/* End PBXFileReference section */

/* Begin PBXFrameworksBuildPhase section */
		EEA17146243A49C9009B3455 /* Frameworks */ = {
			isa = PBXFrameworksBuildPhase;
			buildActionMask = 2147483647;
			files = (
			);
			runOnlyForDeploymentPostprocessing = 0;
		};
		EEA1715C243A49CC009B3455 /* Frameworks */ = {
			isa = PBXFrameworksBuildPhase;
			buildActionMask = 2147483647;
			files = (
			);
			runOnlyForDeploymentPostprocessing = 0;
		};
/* End PBXFrameworksBuildPhase section */

/* Begin PBXGroup section */
		EEA17140243A49C9009B3455 = {
			isa = PBXGroup;
			children = (
				EEA1714B243A49C9009B3455 /* GithubUsersApp */,
				EEA17162243A49CC009B3455 /* GithubUsersAppTests */,
				EEA1714A243A49C9009B3455 /* Products */,
			);
			sourceTree = "<group>";
		};
		EEA1714A243A49C9009B3455 /* Products */ = {
			isa = PBXGroup;
			children = (
				EEA17149243A49C9009B3455 /* GithubUsersApp.app */,
				EEA1715F243A49CC009B3455 /* GithubUsersAppTests.xctest */,
			);
			name = Products;
			sourceTree = "<group>";
		};
		EEA1714B243A49C9009B3455 /* GithubUsersApp */ = {
			isa = PBXGroup;
			children = (
				EEA1714C243A49C9009B3455 /* AppDelegate.swift */,
				EEA1714E243A49CA009B3455 /* SceneDelegate.swift */,
				EEA17150243A49CA009B3455 /* ContentView.swift */,
				EEA17152243A49CC009B3455 /* Assets.xcassets */,
				EEA17157243A49CC009B3455 /* LaunchScreen.storyboard */,
				EEA1715A243A49CC009B3455 /* Info.plist */,
				EEA17154243A49CC009B3455 /* Preview Content */,
			);
			path = GithubUsersApp;
			sourceTree = "<group>";
		};
		EEA17154243A49CC009B3455 /* Preview Content */ = {
			isa = PBXGroup;
			children = (
				EEA17155243A49CC009B3455 /* Preview Assets.xcassets */,
			);
			path = "Preview Content";
			sourceTree = "<group>";
		};
		EEA17162243A49CC009B3455 /* GithubUsersAppTests */ = {
			isa = PBXGroup;
			children = (
				EE0E224A24E83AE500564510 /* githubUsers.json */,
				EEA17163243A49CC009B3455 /* GithubUsersAppTests.swift */,
				EEA17165243A49CC009B3455 /* Info.plist */,
			);
			path = GithubUsersAppTests;
			sourceTree = "<group>";
		};
/* End PBXGroup section */

/* Begin PBXNativeTarget section */
		EEA17148243A49C9009B3455 /* GithubUsersApp */ = {
			isa = PBXNativeTarget;
			buildConfigurationList = EEA17168243A49CC009B3455 /* Build configuration list for PBXNativeTarget "GithubUsersApp" */;
			buildPhases = (
				EEA17145243A49C9009B3455 /* Sources */,
				EEA17146243A49C9009B3455 /* Frameworks */,
				EEA17147243A49C9009B3455 /* Resources */,
			);
			buildRules = (
			);
			dependencies = (
			);
			name = GithubUsersApp;
			productName = GithubUsersApp;
			productReference = EEA17149243A49C9009B3455 /* GithubUsersApp.app */;
			productType = "com.apple.product-type.application";
		};
		EEA1715E243A49CC009B3455 /* GithubUsersAppTests */ = {
			isa = PBXNativeTarget;
			buildConfigurationList = EEA1716B243A49CC009B3455 /* Build configuration list for PBXNativeTarget "GithubUsersAppTests" */;
			buildPhases = (
				EEA1715B243A49CC009B3455 /* Sources */,
				EEA1715C243A49CC009B3455 /* Frameworks */,
				EEA1715D243A49CC009B3455 /* Resources */,
			);
			buildRules = (
			);
			dependencies = (
				EEA17161243A49CC009B3455 /* PBXTargetDependency */,
			);
			name = GithubUsersAppTests;
			productName = GithubUsersAppTests;
			productReference = EEA1715F243A49CC009B3455 /* GithubUsersAppTests.xctest */;
			productType = "com.apple.product-type.bundle.unit-test";
		};
/* End PBXNativeTarget section */

/* Begin PBXProject section */
		EEA17141243A49C9009B3455 /* Project object */ = {
			isa = PBXProject;
			attributes = {
				LastSwiftUpdateCheck = 1140;
				LastUpgradeCheck = 1200;
				ORGANIZATIONNAME = "giordano scalzo";
				TargetAttributes = {
					EEA17148243A49C9009B3455 = {
						CreatedOnToolsVersion = 11.4;
					};
					EEA1715E243A49CC009B3455 = {
						CreatedOnToolsVersion = 11.4;
						TestTargetID = EEA17148243A49C9009B3455;
					};
				};
			};
			buildConfigurationList = EEA17144243A49C9009B3455 /* Build configuration list for PBXProject "GithubUsersApp" */;
			compatibilityVersion = "Xcode 9.3";
			developmentRegion = en;
			hasScannedForEncodings = 0;
			knownRegions = (
				en,
				Base,
			);
			mainGroup = EEA17140243A49C9009B3455;
			productRefGroup = EEA1714A243A49C9009B3455 /* Products */;
			projectDirPath = "";
			projectRoot = "";
			targets = (
				EEA17148243A49C9009B3455 /* GithubUsersApp */,
				EEA1715E243A49CC009B3455 /* GithubUsersAppTests */,
			);
		};
/* End PBXProject section */

/* Begin PBXResourcesBuildPhase section */
		EEA17147243A49C9009B3455 /* Resources */ = {
			isa = PBXResourcesBuildPhase;
			buildActionMask = 2147483647;
			files = (
				EEA17159243A49CC009B3455 /* LaunchScreen.storyboard in Resources */,
				EEA17156243A49CC009B3455 /* Preview Assets.xcassets in Resources */,
				EEA17153243A49CC009B3455 /* Assets.xcassets in Resources */,
			);
			runOnlyForDeploymentPostprocessing = 0;
		};
		EEA1715D243A49CC009B3455 /* Resources */ = {
			isa = PBXResourcesBuildPhase;
			buildActionMask = 2147483647;
			files = (
				EE0E224B24E83AE500564510 /* githubUsers.json in Resources */,
			);
			runOnlyForDeploymentPostprocessing = 0;
		};
/* End PBXResourcesBuildPhase section */

/* Begin PBXSourcesBuildPhase section */
		EEA17145243A49C9009B3455 /* Sources */ = {
			isa = PBXSourcesBuildPhase;
			buildActionMask = 2147483647;
			files = (
				EEA1714D243A49C9009B3455 /* AppDelegate.swift in Sources */,
				EEA1714F243A49CA009B3455 /* SceneDelegate.swift in Sources */,
				EEA17151243A49CA009B3455 /* ContentView.swift in Sources */,
			);
			runOnlyForDeploymentPostprocessing = 0;
		};
		EEA1715B243A49CC009B3455 /* Sources */ = {
			isa = PBXSourcesBuildPhase;
			buildActionMask = 2147483647;
			files = (
				EEA17164243A49CC009B3455 /* GithubUsersAppTests.swift in Sources */,
			);
			runOnlyForDeploymentPostprocessing = 0;
		};
/* End PBXSourcesBuildPhase section */

/* Begin PBXTargetDependency section */
		EEA17161243A49CC009B3455 /* PBXTargetDependency */ = {
			isa = PBXTargetDependency;
			target = EEA17148243A49C9009B3455 /* GithubUsersApp */;
			targetProxy = EEA17160243A49CC009B3455 /* PBXContainerItemProxy */;
		};
/* End PBXTargetDependency section */

/* Begin PBXVariantGroup section */
		EEA17157243A49CC009B3455 /* LaunchScreen.storyboard */ = {
			isa = PBXVariantGroup;
			children = (
				EEA17158243A49CC009B3455 /* Base */,
			);
			name = LaunchScreen.storyboard;
			sourceTree = "<group>";
		};
/* End PBXVariantGroup section */

/* Begin XCBuildConfiguration section */
		EEA17166243A49CC009B3455 /* Debug */ = {
			isa = XCBuildConfiguration;
			buildSettings = {
				ALWAYS_SEARCH_USER_PATHS = NO;
				CLANG_ANALYZER_NONNULL = YES;
				CLANG_ANALYZER_NUMBER_OBJECT_CONVERSION = YES_AGGRESSIVE;
				CLANG_CXX_LANGUAGE_STANDARD = "gnu++14";
				CLANG_CXX_LIBRARY = "libc++";
				CLANG_ENABLE_MODULES = YES;
				CLANG_ENABLE_OBJC_ARC = YES;
				CLANG_ENABLE_OBJC_WEAK = YES;
				CLANG_WARN_BLOCK_CAPTURE_AUTORELEASING = YES;
				CLANG_WARN_BOOL_CONVERSION = YES;
				CLANG_WARN_COMMA = YES;
				CLANG_WARN_CONSTANT_CONVERSION = YES;
				CLANG_WARN_DEPRECATED_OBJC_IMPLEMENTATIONS = YES;
				CLANG_WARN_DIRECT_OBJC_ISA_USAGE = YES_ERROR;
				CLANG_WARN_DOCUMENTATION_COMMENTS = YES;
				CLANG_WARN_EMPTY_BODY = YES;
				CLANG_WARN_ENUM_CONVERSION = YES;
				CLANG_WARN_INFINITE_RECURSION = YES;
				CLANG_WARN_INT_CONVERSION = YES;
				CLANG_WARN_NON_LITERAL_NULL_CONVERSION = YES;
				CLANG_WARN_OBJC_IMPLICIT_RETAIN_SELF = YES;
				CLANG_WARN_OBJC_LITERAL_CONVERSION = YES;
				CLANG_WARN_OBJC_ROOT_CLASS = YES_ERROR;
				CLANG_WARN_QUOTED_INCLUDE_IN_FRAMEWORK_HEADER = YES;
				CLANG_WARN_RANGE_LOOP_ANALYSIS = YES;
				CLANG_WARN_STRICT_PROTOTYPES = YES;
				CLANG_WARN_SUSPICIOUS_MOVE = YES;
				CLANG_WARN_UNGUARDED_AVAILABILITY = YES_AGGRESSIVE;
				CLANG_WARN_UNREACHABLE_CODE = YES;
				CLANG_WARN__DUPLICATE_METHOD_MATCH = YES;
				COPY_PHASE_STRIP = NO;
				DEBUG_INFORMATION_FORMAT = dwarf;
				ENABLE_STRICT_OBJC_MSGSEND = YES;
				ENABLE_TESTABILITY = YES;
				GCC_C_LANGUAGE_STANDARD = gnu11;
				GCC_DYNAMIC_NO_PIC = NO;
				GCC_NO_COMMON_BLOCKS = YES;
				GCC_OPTIMIZATION_LEVEL = 0;
				GCC_PREPROCESSOR_DEFINITIONS = (
					"DEBUG=1",
					"$(inherited)",
				);
				GCC_WARN_64_TO_32_BIT_CONVERSION = YES;
				GCC_WARN_ABOUT_RETURN_TYPE = YES_ERROR;
				GCC_WARN_UNDECLARED_SELECTOR = YES;
				GCC_WARN_UNINITIALIZED_AUTOS = YES_AGGRESSIVE;
				GCC_WARN_UNUSED_FUNCTION = YES;
				GCC_WARN_UNUSED_VARIABLE = YES;
				IPHONEOS_DEPLOYMENT_TARGET = 13.4;
				MTL_ENABLE_DEBUG_INFO = INCLUDE_SOURCE;
				MTL_FAST_MATH = YES;
				ONLY_ACTIVE_ARCH = YES;
				SDKROOT = iphoneos;
				SWIFT_ACTIVE_COMPILATION_CONDITIONS = DEBUG;
				SWIFT_OPTIMIZATION_LEVEL = "-Onone";
			};
			name = Debug;
		};
		EEA17167243A49CC009B3455 /* Release */ = {
			isa = XCBuildConfiguration;
			buildSettings = {
				ALWAYS_SEARCH_USER_PATHS = NO;
				CLANG_ANALYZER_NONNULL = YES;
				CLANG_ANALYZER_NUMBER_OBJECT_CONVERSION = YES_AGGRESSIVE;
				CLANG_CXX_LANGUAGE_STANDARD = "gnu++14";
				CLANG_CXX_LIBRARY = "libc++";
				CLANG_ENABLE_MODULES = YES;
				CLANG_ENABLE_OBJC_ARC = YES;
				CLANG_ENABLE_OBJC_WEAK = YES;
				CLANG_WARN_BLOCK_CAPTURE_AUTORELEASING = YES;
				CLANG_WARN_BOOL_CONVERSION = YES;
				CLANG_WARN_COMMA = YES;
				CLANG_WARN_CONSTANT_CONVERSION = YES;
				CLANG_WARN_DEPRECATED_OBJC_IMPLEMENTATIONS = YES;
				CLANG_WARN_DIRECT_OBJC_ISA_USAGE = YES_ERROR;
				CLANG_WARN_DOCUMENTATION_COMMENTS = YES;
				CLANG_WARN_EMPTY_BODY = YES;
				CLANG_WARN_ENUM_CONVERSION = YES;
				CLANG_WARN_INFINITE_RECURSION = YES;
				CLANG_WARN_INT_CONVERSION = YES;
				CLANG_WARN_NON_LITERAL_NULL_CONVERSION = YES;
				CLANG_WARN_OBJC_IMPLICIT_RETAIN_SELF = YES;
				CLANG_WARN_OBJC_LITERAL_CONVERSION = YES;
				CLANG_WARN_OBJC_ROOT_CLASS = YES_ERROR;
				CLANG_WARN_QUOTED_INCLUDE_IN_FRAMEWORK_HEADER = YES;
				CLANG_WARN_RANGE_LOOP_ANALYSIS = YES;
				CLANG_WARN_STRICT_PROTOTYPES = YES;
				CLANG_WARN_SUSPICIOUS_MOVE = YES;
				CLANG_WARN_UNGUARDED_AVAILABILITY = YES_AGGRESSIVE;
				CLANG_WARN_UNREACHABLE_CODE = YES;
				CLANG_WARN__DUPLICATE_METHOD_MATCH = YES;
				COPY_PHASE_STRIP = NO;
				DEBUG_INFORMATION_FORMAT = "dwarf-with-dsym";
				ENABLE_NS_ASSERTIONS = NO;
				ENABLE_STRICT_OBJC_MSGSEND = YES;
				GCC_C_LANGUAGE_STANDARD = gnu11;
				GCC_NO_COMMON_BLOCKS = YES;
				GCC_WARN_64_TO_32_BIT_CONVERSION = YES;
				GCC_WARN_ABOUT_RETURN_TYPE = YES_ERROR;
				GCC_WARN_UNDECLARED_SELECTOR = YES;
				GCC_WARN_UNINITIALIZED_AUTOS = YES_AGGRESSIVE;
				GCC_WARN_UNUSED_FUNCTION = YES;
				GCC_WARN_UNUSED_VARIABLE = YES;
				IPHONEOS_DEPLOYMENT_TARGET = 13.4;
				MTL_ENABLE_DEBUG_INFO = NO;
				MTL_FAST_MATH = YES;
				SDKROOT = iphoneos;
				SWIFT_COMPILATION_MODE = wholemodule;
				SWIFT_OPTIMIZATION_LEVEL = "-O";
				VALIDATE_PRODUCT = YES;
			};
			name = Release;
		};
		EEA17169243A49CC009B3455 /* Debug */ = {
			isa = XCBuildConfiguration;
			buildSettings = {
				ASSETCATALOG_COMPILER_APPICON_NAME = AppIcon;
				CODE_SIGN_STYLE = Automatic;
				DEVELOPMENT_ASSET_PATHS = "\"GithubUsersApp/Preview Content\"";
				DEVELOPMENT_TEAM = 4X6PHGF7Z3;
				ENABLE_PREVIEWS = YES;
				INFOPLIST_FILE = GithubUsersApp/Info.plist;
				LD_RUNPATH_SEARCH_PATHS = (
					"$(inherited)",
					"@executable_path/Frameworks",
				);
				PRODUCT_BUNDLE_IDENTIFIER = uk.co.effectivecode.GithubUsersApp;
				PRODUCT_NAME = "$(TARGET_NAME)";
				SWIFT_VERSION = 5.0;
				TARGETED_DEVICE_FAMILY = "1,2";
			};
			name = Debug;
		};
		EEA1716A243A49CC009B3455 /* Release */ = {
			isa = XCBuildConfiguration;
			buildSettings = {
				ASSETCATALOG_COMPILER_APPICON_NAME = AppIcon;
				CODE_SIGN_STYLE = Automatic;
				DEVELOPMENT_ASSET_PATHS = "\"GithubUsersApp/Preview Content\"";
				DEVELOPMENT_TEAM = 4X6PHGF7Z3;
				ENABLE_PREVIEWS = YES;
				INFOPLIST_FILE = GithubUsersApp/Info.plist;
				LD_RUNPATH_SEARCH_PATHS = (
					"$(inherited)",
					"@executable_path/Frameworks",
				);
				PRODUCT_BUNDLE_IDENTIFIER = uk.co.effectivecode.GithubUsersApp;
				PRODUCT_NAME = "$(TARGET_NAME)";
				SWIFT_VERSION = 5.0;
				TARGETED_DEVICE_FAMILY = "1,2";
			};
			name = Release;
		};
		EEA1716C243A49CC009B3455 /* Debug */ = {
			isa = XCBuildConfiguration;
			buildSettings = {
				ALWAYS_EMBED_SWIFT_STANDARD_LIBRARIES = YES;
				BUNDLE_LOADER = "$(TEST_HOST)";
				CODE_SIGN_STYLE = Automatic;
				DEVELOPMENT_TEAM = 4X6PHGF7Z3;
				INFOPLIST_FILE = GithubUsersAppTests/Info.plist;
				IPHONEOS_DEPLOYMENT_TARGET = 13.4;
				LD_RUNPATH_SEARCH_PATHS = (
					"$(inherited)",
					"@executable_path/Frameworks",
					"@loader_path/Frameworks",
				);
				PRODUCT_BUNDLE_IDENTIFIER = uk.co.effectivecode.GithubUsersAppTests;
				PRODUCT_NAME = "$(TARGET_NAME)";
				SWIFT_VERSION = 5.0;
				TARGETED_DEVICE_FAMILY = "1,2";
				TEST_HOST = "$(BUILT_PRODUCTS_DIR)/GithubUsersApp.app/GithubUsersApp";
			};
			name = Debug;
		};
		EEA1716D243A49CC009B3455 /* Release */ = {
			isa = XCBuildConfiguration;
			buildSettings = {
				ALWAYS_EMBED_SWIFT_STANDARD_LIBRARIES = YES;
				BUNDLE_LOADER = "$(TEST_HOST)";
				CODE_SIGN_STYLE = Automatic;
				DEVELOPMENT_TEAM = 4X6PHGF7Z3;
				INFOPLIST_FILE = GithubUsersAppTests/Info.plist;
				IPHONEOS_DEPLOYMENT_TARGET = 13.4;
				LD_RUNPATH_SEARCH_PATHS = (
					"$(inherited)",
					"@executable_path/Frameworks",
					"@loader_path/Frameworks",
				);
				PRODUCT_BUNDLE_IDENTIFIER = uk.co.effectivecode.GithubUsersAppTests;
				PRODUCT_NAME = "$(TARGET_NAME)";
				SWIFT_VERSION = 5.0;
				TARGETED_DEVICE_FAMILY = "1,2";
				TEST_HOST = "$(BUILT_PRODUCTS_DIR)/GithubUsersApp.app/GithubUsersApp";
			};
			name = Release;
		};
/* End XCBuildConfiguration section */

/* Begin XCConfigurationList section */
		EEA17144243A49C9009B3455 /* Build configuration list for PBXProject "GithubUsersApp" */ = {
			isa = XCConfigurationList;
			buildConfigurations = (
				EEA17166243A49CC009B3455 /* Debug */,
				EEA17167243A49CC009B3455 /* Release */,
			);
			defaultConfigurationIsVisible = 0;
			defaultConfigurationName = Release;
		};
		EEA17168243A49CC009B3455 /* Build configuration list for PBXNativeTarget "GithubUsersApp" */ = {
			isa = XCConfigurationList;
			buildConfigurations = (
				EEA17169243A49CC009B3455 /* Debug */,
				EEA1716A243A49CC009B3455 /* Release */,
			);
			defaultConfigurationIsVisible = 0;
			defaultConfigurationName = Release;
		};
		EEA1716B243A49CC009B3455 /* Build configuration list for PBXNativeTarget "GithubUsersAppTests" */ = {
			isa = XCConfigurationList;
			buildConfigurations = (
				EEA1716C243A49CC009B3455 /* Debug */,
				EEA1716D243A49CC009B3455 /* Release */,
			);
			defaultConfigurationIsVisible = 0;
			defaultConfigurationName = Release;
		};
/* End XCConfigurationList section */
	};
	rootObject = EEA17141243A49C9009B3455 /* Project object */;
}
