// !$*UTF8*$!
{
	archiveVersion = 1;
	classes = {
	};
	objectVersion = 50;
	objects = {

/* Begin PBXBuildFile section */
		EEDC7BDF2517CE9D008FBB95 /* AppDelegate.swift in Sources */ = {isa = PBXBuildFile; fileRef = EEDC7BDE2517CE9D008FBB95 /* AppDelegate.swift */; };
		EEDC7BE12517CE9D008FBB95 /* SceneDelegate.swift in Sources */ = {isa = PBXBuildFile; fileRef = EEDC7BE02517CE9D008FBB95 /* SceneDelegate.swift */; };
		EEDC7BE32517CE9D008FBB95 /* ContentView.swift in Sources */ = {isa = PBXBuildFile; fileRef = EEDC7BE22517CE9D008FBB95 /* ContentView.swift */; };
		EEDC7BE52517CE9E008FBB95 /* Assets.xcassets in Resources */ = {isa = PBXBuildFile; fileRef = EEDC7BE42517CE9E008FBB95 /* Assets.xcassets */; };
		EEDC7BE82517CE9E008FBB95 /* Preview Assets.xcassets in Resources */ = {isa = PBXBuildFile; fileRef = EEDC7BE72517CE9E008FBB95 /* Preview Assets.xcassets */; };
		EEDC7BEB2517CE9E008FBB95 /* LaunchScreen.storyboard in Resources */ = {isa = PBXBuildFile; fileRef = EEDC7BE92517CE9E008FBB95 /* LaunchScreen.storyboard */; };
		EEDC7BF92517E918008FBB95 /* Data.swift in Sources */ = {isa = PBXBuildFile; fileRef = EEDC7BF82517E918008FBB95 /* Data.swift */; };
/* End PBXBuildFile section */

/* Begin PBXFileReference section */
		EEDC7BDB2517CE9D008FBB95 /* HeroViewTransitionApp.app */ = {isa = PBXFileReference; explicitFileType = wrapper.application; includeInIndex = 0; path = HeroViewTransitionApp.app; sourceTree = BUILT_PRODUCTS_DIR; };
		EEDC7BDE2517CE9D008FBB95 /* AppDelegate.swift */ = {isa = PBXFileReference; lastKnownFileType = sourcecode.swift; path = AppDelegate.swift; sourceTree = "<group>"; };
		EEDC7BE02517CE9D008FBB95 /* SceneDelegate.swift */ = {isa = PBXFileReference; lastKnownFileType = sourcecode.swift; path = SceneDelegate.swift; sourceTree = "<group>"; };
		EEDC7BE22517CE9D008FBB95 /* ContentView.swift */ = {isa = PBXFileReference; lastKnownFileType = sourcecode.swift; path = ContentView.swift; sourceTree = "<group>"; };
		EEDC7BE42517CE9E008FBB95 /* Assets.xcassets */ = {isa = PBXFileReference; lastKnownFileType = folder.assetcatalog; path = Assets.xcassets; sourceTree = "<group>"; };
		EEDC7BE72517CE9E008FBB95 /* Preview Assets.xcassets */ = {isa = PBXFileReference; lastKnownFileType = folder.assetcatalog; path = "Preview Assets.xcassets"; sourceTree = "<group>"; };
		EEDC7BEA2517CE9E008FBB95 /* Base */ = {isa = PBXFileReference; lastKnownFileType = file.storyboard; name = Base; path = Base.lproj/LaunchScreen.storyboard; sourceTree = "<group>"; };
		EEDC7BEC2517CE9E008FBB95 /* Info.plist */ = {isa = PBXFileReference; lastKnownFileType = text.plist.xml; path = Info.plist; sourceTree = "<group>"; };
		EEDC7BF82517E918008FBB95 /* Data.swift */ = {isa = PBXFileReference; lastKnownFileType = sourcecode.swift; path = Data.swift; sourceTree = "<group>"; };
/* End PBXFileReference section */

/* Begin PBXFrameworksBuildPhase section */
		EEDC7BD82517CE9D008FBB95 /* Frameworks */ = {
			isa = PBXFrameworksBuildPhase;
			buildActionMask = 2147483647;
			files = (
			);
			runOnlyForDeploymentPostprocessing = 0;
		};
/* End PBXFrameworksBuildPhase section */

/* Begin PBXGroup section */
		EEDC7BD22517CE9D008FBB95 = {
			isa = PBXGroup;
			children = (
				EEDC7BDD2517CE9D008FBB95 /* HeroViewTransitionApp */,
				EEDC7BDC2517CE9D008FBB95 /* Products */,
			);
			sourceTree = "<group>";
		};
		EEDC7BDC2517CE9D008FBB95 /* Products */ = {
			isa = PBXGroup;
			children = (
				EEDC7BDB2517CE9D008FBB95 /* HeroViewTransitionApp.app */,
			);
			name = Products;
			sourceTree = "<group>";
		};
		EEDC7BDD2517CE9D008FBB95 /* HeroViewTransitionApp */ = {
			isa = PBXGroup;
			children = (
				EEDC7BDE2517CE9D008FBB95 /* AppDelegate.swift */,
				EEDC7BE02517CE9D008FBB95 /* SceneDelegate.swift */,
				EEDC7BF82517E918008FBB95 /* Data.swift */,
				EEDC7BE22517CE9D008FBB95 /* ContentView.swift */,
				EEDC7BE42517CE9E008FBB95 /* Assets.xcassets */,
				EEDC7BE92517CE9E008FBB95 /* LaunchScreen.storyboard */,
				EEDC7BEC2517CE9E008FBB95 /* Info.plist */,
				EEDC7BE62517CE9E008FBB95 /* Preview Content */,
			);
			path = HeroViewTransitionApp;
			sourceTree = "<group>";
		};
		EEDC7BE62517CE9E008FBB95 /* Preview Content */ = {
			isa = PBXGroup;
			children = (
				EEDC7BE72517CE9E008FBB95 /* Preview Assets.xcassets */,
			);
			path = "Preview Content";
			sourceTree = "<group>";
		};
/* End PBXGroup section */

/* Begin PBXNativeTarget section */
		EEDC7BDA2517CE9D008FBB95 /* HeroViewTransitionApp */ = {
			isa = PBXNativeTarget;
			buildConfigurationList = EEDC7BEF2517CE9E008FBB95 /* Build configuration list for PBXNativeTarget "HeroViewTransitionApp" */;
			buildPhases = (
				EEDC7BD72517CE9D008FBB95 /* Sources */,
				EEDC7BD82517CE9D008FBB95 /* Frameworks */,
				EEDC7BD92517CE9D008FBB95 /* Resources */,
			);
			buildRules = (
			);
			dependencies = (
			);
			name = HeroViewTransitionApp;
			productName = HeroViewTransitionApp;
			productReference = EEDC7BDB2517CE9D008FBB95 /* HeroViewTransitionApp.app */;
			productType = "com.apple.product-type.application";
		};
/* End PBXNativeTarget section */

/* Begin PBXProject section */
		EEDC7BD32517CE9D008FBB95 /* Project object */ = {
			isa = PBXProject;
			attributes = {
				LastSwiftUpdateCheck = 1200;
				LastUpgradeCheck = 1200;
				TargetAttributes = {
					EEDC7BDA2517CE9D008FBB95 = {
						CreatedOnToolsVersion = 12.0;
					};
				};
			};
			buildConfigurationList = EEDC7BD62517CE9D008FBB95 /* Build configuration list for PBXProject "HeroViewTransitionApp" */;
			compatibilityVersion = "Xcode 9.3";
			developmentRegion = en;
			hasScannedForEncodings = 0;
			knownRegions = (
				en,
				Base,
			);
			mainGroup = EEDC7BD22517CE9D008FBB95;
			productRefGroup = EEDC7BDC2517CE9D008FBB95 /* Products */;
			projectDirPath = "";
			projectRoot = "";
			targets = (
				EEDC7BDA2517CE9D008FBB95 /* HeroViewTransitionApp */,
			);
		};
/* End PBXProject section */

/* Begin PBXResourcesBuildPhase section */
		EEDC7BD92517CE9D008FBB95 /* Resources */ = {
			isa = PBXResourcesBuildPhase;
			buildActionMask = 2147483647;
			files = (
				EEDC7BEB2517CE9E008FBB95 /* LaunchScreen.storyboard in Resources */,
				EEDC7BE82517CE9E008FBB95 /* Preview Assets.xcassets in Resources */,
				EEDC7BE52517CE9E008FBB95 /* Assets.xcassets in Resources */,
			);
			runOnlyForDeploymentPostprocessing = 0;
		};
/* End PBXResourcesBuildPhase section */

/* Begin PBXSourcesBuildPhase section */
		EEDC7BD72517CE9D008FBB95 /* Sources */ = {
			isa = PBXSourcesBuildPhase;
			buildActionMask = 2147483647;
			files = (
				EEDC7BDF2517CE9D008FBB95 /* AppDelegate.swift in Sources */,
				EEDC7BE12517CE9D008FBB95 /* SceneDelegate.swift in Sources */,
				EEDC7BE32517CE9D008FBB95 /* ContentView.swift in Sources */,
				EEDC7BF92517E918008FBB95 /* Data.swift in Sources */,
			);
			runOnlyForDeploymentPostprocessing = 0;
		};
/* End PBXSourcesBuildPhase section */

/* Begin PBXVariantGroup section */
		EEDC7BE92517CE9E008FBB95 /* LaunchScreen.storyboard */ = {
			isa = PBXVariantGroup;
			children = (
				EEDC7BEA2517CE9E008FBB95 /* Base */,
			);
			name = LaunchScreen.storyboard;
			sourceTree = "<group>";
		};
/* End PBXVariantGroup section */

/* Begin XCBuildConfiguration section */
		EEDC7BED2517CE9E008FBB95 /* Debug */ = {
			isa = XCBuildConfiguration;
			buildSettings = {
				ALWAYS_SEARCH_USER_PATHS = NO;
				CLANG_ANALYZER_NONNULL = YES;
				CLANG_ANALYZER_NUMBER_OBJECT_CONVERSION = YES_AGGRESSIVE;
				CLANG_CXX_LANGUAGE_STANDARD = "gnu++14";
				CLANG_CXX_LIBRARY = "libc++";
				CLANG_ENABLE_MODULES = YES;
				CLANG_ENABLE_OBJC_ARC = YES;
				CLANG_ENABLE_OBJC_WEAK = YES;
				CLANG_WARN_BLOCK_CAPTURE_AUTORELEASING = YES;
				CLANG_WARN_BOOL_CONVERSION = YES;
				CLANG_WARN_COMMA = YES;
				CLANG_WARN_CONSTANT_CONVERSION = YES;
				CLANG_WARN_DEPRECATED_OBJC_IMPLEMENTATIONS = YES;
				CLANG_WARN_DIRECT_OBJC_ISA_USAGE = YES_ERROR;
				CLANG_WARN_DOCUMENTATION_COMMENTS = YES;
				CLANG_WARN_EMPTY_BODY = YES;
				CLANG_WARN_ENUM_CONVERSION = YES;
				CLANG_WARN_INFINITE_RECURSION = YES;
				CLANG_WARN_INT_CONVERSION = YES;
				CLANG_WARN_NON_LITERAL_NULL_CONVERSION = YES;
				CLANG_WARN_OBJC_IMPLICIT_RETAIN_SELF = YES;
				CLANG_WARN_OBJC_LITERAL_CONVERSION = YES;
				CLANG_WARN_OBJC_ROOT_CLASS = YES_ERROR;
				CLANG_WARN_QUOTED_INCLUDE_IN_FRAMEWORK_HEADER = YES;
				CLANG_WARN_RANGE_LOOP_ANALYSIS = YES;
				CLANG_WARN_STRICT_PROTOTYPES = YES;
				CLANG_WARN_SUSPICIOUS_MOVE = YES;
				CLANG_WARN_UNGUARDED_AVAILABILITY = YES_AGGRESSIVE;
				CLANG_WARN_UNREACHABLE_CODE = YES;
				CLANG_WARN__DUPLICATE_METHOD_MATCH = YES;
				COPY_PHASE_STRIP = NO;
				DEBUG_INFORMATION_FORMAT = dwarf;
				ENABLE_STRICT_OBJC_MSGSEND = YES;
				ENABLE_TESTABILITY = YES;
				GCC_C_LANGUAGE_STANDARD = gnu11;
				GCC_DYNAMIC_NO_PIC = NO;
				GCC_NO_COMMON_BLOCKS = YES;
				GCC_OPTIMIZATION_LEVEL = 0;
				GCC_PREPROCESSOR_DEFINITIONS = (
					"DEBUG=1",
					"$(inherited)",
				);
				GCC_WARN_64_TO_32_BIT_CONVERSION = YES;
				GCC_WARN_ABOUT_RETURN_TYPE = YES_ERROR;
				GCC_WARN_UNDECLARED_SELECTOR = YES;
				GCC_WARN_UNINITIALIZED_AUTOS = YES_AGGRESSIVE;
				GCC_WARN_UNUSED_FUNCTION = YES;
				GCC_WARN_UNUSED_VARIABLE = YES;
				IPHONEOS_DEPLOYMENT_TARGET = 14.0;
				MTL_ENABLE_DEBUG_INFO = INCLUDE_SOURCE;
				MTL_FAST_MATH = YES;
				ONLY_ACTIVE_ARCH = YES;
				SDKROOT = iphoneos;
				SWIFT_ACTIVE_COMPILATION_CONDITIONS = DEBUG;
				SWIFT_OPTIMIZATION_LEVEL = "-Onone";
			};
			name = Debug;
		};
		EEDC7BEE2517CE9E008FBB95 /* Release */ = {
			isa = XCBuildConfiguration;
			buildSettings = {
				ALWAYS_SEARCH_USER_PATHS = NO;
				CLANG_ANALYZER_NONNULL = YES;
				CLANG_ANALYZER_NUMBER_OBJECT_CONVERSION = YES_AGGRESSIVE;
				CLANG_CXX_LANGUAGE_STANDARD = "gnu++14";
				CLANG_CXX_LIBRARY = "libc++";
				CLANG_ENABLE_MODULES = YES;
				CLANG_ENABLE_OBJC_ARC = YES;
				CLANG_ENABLE_OBJC_WEAK = YES;
				CLANG_WARN_BLOCK_CAPTURE_AUTORELEASING = YES;
				CLANG_WARN_BOOL_CONVERSION = YES;
				CLANG_WARN_COMMA = YES;
				CLANG_WARN_CONSTANT_CONVERSION = YES;
				CLANG_WARN_DEPRECATED_OBJC_IMPLEMENTATIONS = YES;
				CLANG_WARN_DIRECT_OBJC_ISA_USAGE = YES_ERROR;
				CLANG_WARN_DOCUMENTATION_COMMENTS = YES;
				CLANG_WARN_EMPTY_BODY = YES;
				CLANG_WARN_ENUM_CONVERSION = YES;
				CLANG_WARN_INFINITE_RECURSION = YES;
				CLANG_WARN_INT_CONVERSION = YES;
				CLANG_WARN_NON_LITERAL_NULL_CONVERSION = YES;
				CLANG_WARN_OBJC_IMPLICIT_RETAIN_SELF = YES;
				CLANG_WARN_OBJC_LITERAL_CONVERSION = YES;
				CLANG_WARN_OBJC_ROOT_CLASS = YES_ERROR;
				CLANG_WARN_QUOTED_INCLUDE_IN_FRAMEWORK_HEADER = YES;
				CLANG_WARN_RANGE_LOOP_ANALYSIS = YES;
				CLANG_WARN_STRICT_PROTOTYPES = YES;
				CLANG_WARN_SUSPICIOUS_MOVE = YES;
				CLANG_WARN_UNGUARDED_AVAILABILITY = YES_AGGRESSIVE;
				CLANG_WARN_UNREACHABLE_CODE = YES;
				CLANG_WARN__DUPLICATE_METHOD_MATCH = YES;
				COPY_PHASE_STRIP = NO;
				DEBUG_INFORMATION_FORMAT = "dwarf-with-dsym";
				ENABLE_NS_ASSERTIONS = NO;
				ENABLE_STRICT_OBJC_MSGSEND = YES;
				GCC_C_LANGUAGE_STANDARD = gnu11;
				GCC_NO_COMMON_BLOCKS = YES;
				GCC_WARN_64_TO_32_BIT_CONVERSION = YES;
				GCC_WARN_ABOUT_RETURN_TYPE = YES_ERROR;
				GCC_WARN_UNDECLARED_SELECTOR = YES;
				GCC_WARN_UNINITIALIZED_AUTOS = YES_AGGRESSIVE;
				GCC_WARN_UNUSED_FUNCTION = YES;
				GCC_WARN_UNUSED_VARIABLE = YES;
				IPHONEOS_DEPLOYMENT_TARGET = 14.0;
				MTL_ENABLE_DEBUG_INFO = NO;
				MTL_FAST_MATH = YES;
				SDKROOT = iphoneos;
				SWIFT_COMPILATION_MODE = wholemodule;
				SWIFT_OPTIMIZATION_LEVEL = "-O";
				VALIDATE_PRODUCT = YES;
			};
			name = Release;
		};
		EEDC7BF02517CE9E008FBB95 /* Debug */ = {
			isa = XCBuildConfiguration;
			buildSettings = {
				ASSETCATALOG_COMPILER_APPICON_NAME = AppIcon;
				ASSETCATALOG_COMPILER_GLOBAL_ACCENT_COLOR_NAME = AccentColor;
				CODE_SIGN_STYLE = Automatic;
				DEVELOPMENT_ASSET_PATHS = "\"HeroViewTransitionApp/Preview Content\"";
				DEVELOPMENT_TEAM = 4X6PHGF7Z3;
				ENABLE_PREVIEWS = YES;
				INFOPLIST_FILE = HeroViewTransitionApp/Info.plist;
				LD_RUNPATH_SEARCH_PATHS = (
					"$(inherited)",
					"@executable_path/Frameworks",
				);
				PRODUCT_BUNDLE_IDENTIFIER = uk.co.effectivecode.HeroViewTransitionApp;
				PRODUCT_NAME = "$(TARGET_NAME)";
				SWIFT_VERSION = 5.0;
				TARGETED_DEVICE_FAMILY = "1,2";
			};
			name = Debug;
		};
		EEDC7BF12517CE9E008FBB95 /* Release */ = {
			isa = XCBuildConfiguration;
			buildSettings = {
				ASSETCATALOG_COMPILER_APPICON_NAME = AppIcon;
				ASSETCATALOG_COMPILER_GLOBAL_ACCENT_COLOR_NAME = AccentColor;
				CODE_SIGN_STYLE = Automatic;
				DEVELOPMENT_ASSET_PATHS = "\"HeroViewTransitionApp/Preview Content\"";
				DEVELOPMENT_TEAM = 4X6PHGF7Z3;
				ENABLE_PREVIEWS = YES;
				INFOPLIST_FILE = HeroViewTransitionApp/Info.plist;
				LD_RUNPATH_SEARCH_PATHS = (
					"$(inherited)",
					"@executable_path/Frameworks",
				);
				PRODUCT_BUNDLE_IDENTIFIER = uk.co.effectivecode.HeroViewTransitionApp;
				PRODUCT_NAME = "$(TARGET_NAME)";
				SWIFT_VERSION = 5.0;
				TARGETED_DEVICE_FAMILY = "1,2";
			};
			name = Release;
		};
/* End XCBuildConfiguration section */

/* Begin XCConfigurationList section */
		EEDC7BD62517CE9D008FBB95 /* Build configuration list for PBXProject "HeroViewTransitionApp" */ = {
			isa = XCConfigurationList;
			buildConfigurations = (
				EEDC7BED2517CE9E008FBB95 /* Debug */,
				EEDC7BEE2517CE9E008FBB95 /* Release */,
			);
			defaultConfigurationIsVisible = 0;
			defaultConfigurationName = Release;
		};
		EEDC7BEF2517CE9E008FBB95 /* Build configuration list for PBXNativeTarget "HeroViewTransitionApp" */ = {
			isa = XCConfigurationList;
			buildConfigurations = (
				EEDC7BF02517CE9E008FBB95 /* Debug */,
				EEDC7BF12517CE9E008FBB95 /* Release */,
			);
			defaultConfigurationIsVisible = 0;
			defaultConfigurationName = Release;
		};
/* End XCConfigurationList section */
	};
	rootObject = EEDC7BD32517CE9D008FBB95 /* Project object */;
}
