// !$*UTF8*$!
{
	archiveVersion = 1;
	classes = {
	};
	objectVersion = 50;
	objects = {

/* Begin PBXBuildFile section */
		EEAB6B032407C0CE005B53A7 /* AppDelegate.swift in Sources */ = {isa = PBXBuildFile; fileRef = EEAB6B022407C0CE005B53A7 /* AppDelegate.swift */; };
		EEAB6B052407C0CE005B53A7 /* SceneDelegate.swift in Sources */ = {isa = PBXBuildFile; fileRef = EEAB6B042407C0CE005B53A7 /* SceneDelegate.swift */; };
		EEAB6B072407C0CE005B53A7 /* ContentView.swift in Sources */ = {isa = PBXBuildFile; fileRef = EEAB6B062407C0CE005B53A7 /* ContentView.swift */; };
		EEAB6B092407C0CF005B53A7 /* Assets.xcassets in Resources */ = {isa = PBXBuildFile; fileRef = EEAB6B082407C0CF005B53A7 /* Assets.xcassets */; };
		EEAB6B0C2407C0CF005B53A7 /* Preview Assets.xcassets in Resources */ = {isa = PBXBuildFile; fileRef = EEAB6B0B2407C0CF005B53A7 /* Preview Assets.xcassets */; };
		EEAB6B0F2407C0CF005B53A7 /* LaunchScreen.storyboard in Resources */ = {isa = PBXBuildFile; fileRef = EEAB6B0D2407C0CF005B53A7 /* LaunchScreen.storyboard */; };
		EEAB6B172407C0EB005B53A7 /* AceOfSpade+UIBezierPath.swift in Sources */ = {isa = PBXBuildFile; fileRef = EEAB6B162407C0EB005B53A7 /* AceOfSpade+UIBezierPath.swift */; };
/* End PBXBuildFile section */

/* Begin PBXFileReference section */
		EEAB6AFF2407C0CE005B53A7 /* AceOfSpadeApp.app */ = {isa = PBXFileReference; explicitFileType = wrapper.application; includeInIndex = 0; path = AceOfSpadeApp.app; sourceTree = BUILT_PRODUCTS_DIR; };
		EEAB6B022407C0CE005B53A7 /* AppDelegate.swift */ = {isa = PBXFileReference; lastKnownFileType = sourcecode.swift; path = AppDelegate.swift; sourceTree = "<group>"; };
		EEAB6B042407C0CE005B53A7 /* SceneDelegate.swift */ = {isa = PBXFileReference; lastKnownFileType = sourcecode.swift; path = SceneDelegate.swift; sourceTree = "<group>"; };
		EEAB6B062407C0CE005B53A7 /* ContentView.swift */ = {isa = PBXFileReference; lastKnownFileType = sourcecode.swift; path = ContentView.swift; sourceTree = "<group>"; };
		EEAB6B082407C0CF005B53A7 /* Assets.xcassets */ = {isa = PBXFileReference; lastKnownFileType = folder.assetcatalog; path = Assets.xcassets; sourceTree = "<group>"; };
		EEAB6B0B2407C0CF005B53A7 /* Preview Assets.xcassets */ = {isa = PBXFileReference; lastKnownFileType = folder.assetcatalog; path = "Preview Assets.xcassets"; sourceTree = "<group>"; };
		EEAB6B0E2407C0CF005B53A7 /* Base */ = {isa = PBXFileReference; lastKnownFileType = file.storyboard; name = Base; path = Base.lproj/LaunchScreen.storyboard; sourceTree = "<group>"; };
		EEAB6B102407C0CF005B53A7 /* Info.plist */ = {isa = PBXFileReference; lastKnownFileType = text.plist.xml; path = Info.plist; sourceTree = "<group>"; };
		EEAB6B162407C0EB005B53A7 /* AceOfSpade+UIBezierPath.swift */ = {isa = PBXFileReference; lastKnownFileType = sourcecode.swift; path = "AceOfSpade+UIBezierPath.swift"; sourceTree = "<group>"; };
/* End PBXFileReference section */

/* Begin PBXFrameworksBuildPhase section */
		EEAB6AFC2407C0CE005B53A7 /* Frameworks */ = {
			isa = PBXFrameworksBuildPhase;
			buildActionMask = 2147483647;
			files = (
			);
			runOnlyForDeploymentPostprocessing = 0;
		};
/* End PBXFrameworksBuildPhase section */

/* Begin PBXGroup section */
		EEAB6AF62407C0CE005B53A7 = {
			isa = PBXGroup;
			children = (
				EEAB6B012407C0CE005B53A7 /* AceOfSpadeApp */,
				EEAB6B002407C0CE005B53A7 /* Products */,
			);
			sourceTree = "<group>";
		};
		EEAB6B002407C0CE005B53A7 /* Products */ = {
			isa = PBXGroup;
			children = (
				EEAB6AFF2407C0CE005B53A7 /* AceOfSpadeApp.app */,
			);
			name = Products;
			sourceTree = "<group>";
		};
		EEAB6B012407C0CE005B53A7 /* AceOfSpadeApp */ = {
			isa = PBXGroup;
			children = (
				EEAB6B022407C0CE005B53A7 /* AppDelegate.swift */,
				EEAB6B162407C0EB005B53A7 /* AceOfSpade+UIBezierPath.swift */,
				EEAB6B042407C0CE005B53A7 /* SceneDelegate.swift */,
				EEAB6B062407C0CE005B53A7 /* ContentView.swift */,
				EEAB6B082407C0CF005B53A7 /* Assets.xcassets */,
				EEAB6B0D2407C0CF005B53A7 /* LaunchScreen.storyboard */,
				EEAB6B102407C0CF005B53A7 /* Info.plist */,
				EEAB6B0A2407C0CF005B53A7 /* Preview Content */,
			);
			path = AceOfSpadeApp;
			sourceTree = "<group>";
		};
		EEAB6B0A2407C0CF005B53A7 /* Preview Content */ = {
			isa = PBXGroup;
			children = (
				EEAB6B0B2407C0CF005B53A7 /* Preview Assets.xcassets */,
			);
			path = "Preview Content";
			sourceTree = "<group>";
		};
/* End PBXGroup section */

/* Begin PBXNativeTarget section */
		EEAB6AFE2407C0CE005B53A7 /* AceOfSpadeApp */ = {
			isa = PBXNativeTarget;
			buildConfigurationList = EEAB6B132407C0CF005B53A7 /* Build configuration list for PBXNativeTarget "AceOfSpadeApp" */;
			buildPhases = (
				EEAB6AFB2407C0CE005B53A7 /* Sources */,
				EEAB6AFC2407C0CE005B53A7 /* Frameworks */,
				EEAB6AFD2407C0CE005B53A7 /* Resources */,
			);
			buildRules = (
			);
			dependencies = (
			);
			name = AceOfSpadeApp;
			productName = AceOfSpadeApp;
			productReference = EEAB6AFF2407C0CE005B53A7 /* AceOfSpadeApp.app */;
			productType = "com.apple.product-type.application";
		};
/* End PBXNativeTarget section */

/* Begin PBXProject section */
		EEAB6AF72407C0CE005B53A7 /* Project object */ = {
			isa = PBXProject;
			attributes = {
				LastSwiftUpdateCheck = 1140;
				LastUpgradeCheck = 1140;
				ORGANIZATIONNAME = "giordano scalzo";
				TargetAttributes = {
					EEAB6AFE2407C0CE005B53A7 = {
						CreatedOnToolsVersion = 11.4;
					};
				};
			};
			buildConfigurationList = EEAB6AFA2407C0CE005B53A7 /* Build configuration list for PBXProject "AceOfSpadeApp" */;
			compatibilityVersion = "Xcode 9.3";
			developmentRegion = en;
			hasScannedForEncodings = 0;
			knownRegions = (
				en,
				Base,
			);
			mainGroup = EEAB6AF62407C0CE005B53A7;
			productRefGroup = EEAB6B002407C0CE005B53A7 /* Products */;
			projectDirPath = "";
			projectRoot = "";
			targets = (
				EEAB6AFE2407C0CE005B53A7 /* AceOfSpadeApp */,
			);
		};
/* End PBXProject section */

/* Begin PBXResourcesBuildPhase section */
		EEAB6AFD2407C0CE005B53A7 /* Resources */ = {
			isa = PBXResourcesBuildPhase;
			buildActionMask = 2147483647;
			files = (
				EEAB6B0F2407C0CF005B53A7 /* LaunchScreen.storyboard in Resources */,
				EEAB6B0C2407C0CF005B53A7 /* Preview Assets.xcassets in Resources */,
				EEAB6B092407C0CF005B53A7 /* Assets.xcassets in Resources */,
			);
			runOnlyForDeploymentPostprocessing = 0;
		};
/* End PBXResourcesBuildPhase section */

/* Begin PBXSourcesBuildPhase section */
		EEAB6AFB2407C0CE005B53A7 /* Sources */ = {
			isa = PBXSourcesBuildPhase;
			buildActionMask = 2147483647;
			files = (
				EEAB6B032407C0CE005B53A7 /* AppDelegate.swift in Sources */,
				EEAB6B052407C0CE005B53A7 /* SceneDelegate.swift in Sources */,
				EEAB6B172407C0EB005B53A7 /* AceOfSpade+UIBezierPath.swift in Sources */,
				EEAB6B072407C0CE005B53A7 /* ContentView.swift in Sources */,
			);
			runOnlyForDeploymentPostprocessing = 0;
		};
/* End PBXSourcesBuildPhase section */

/* Begin PBXVariantGroup section */
		EEAB6B0D2407C0CF005B53A7 /* LaunchScreen.storyboard */ = {
			isa = PBXVariantGroup;
			children = (
				EEAB6B0E2407C0CF005B53A7 /* Base */,
			);
			name = LaunchScreen.storyboard;
			sourceTree = "<group>";
		};
/* End PBXVariantGroup section */

/* Begin XCBuildConfiguration section */
		EEAB6B112407C0CF005B53A7 /* Debug */ = {
			isa = XCBuildConfiguration;
			buildSettings = {
				ALWAYS_SEARCH_USER_PATHS = NO;
				CLANG_ANALYZER_NONNULL = YES;
				CLANG_ANALYZER_NUMBER_OBJECT_CONVERSION = YES_AGGRESSIVE;
				CLANG_CXX_LANGUAGE_STANDARD = "gnu++14";
				CLANG_CXX_LIBRARY = "libc++";
				CLANG_ENABLE_MODULES = YES;
				CLANG_ENABLE_OBJC_ARC = YES;
				CLANG_ENABLE_OBJC_WEAK = YES;
				CLANG_WARN_BLOCK_CAPTURE_AUTORELEASING = YES;
				CLANG_WARN_BOOL_CONVERSION = YES;
				CLANG_WARN_COMMA = YES;
				CLANG_WARN_CONSTANT_CONVERSION = YES;
				CLANG_WARN_DEPRECATED_OBJC_IMPLEMENTATIONS = YES;
				CLANG_WARN_DIRECT_OBJC_ISA_USAGE = YES_ERROR;
				CLANG_WARN_DOCUMENTATION_COMMENTS = YES;
				CLANG_WARN_EMPTY_BODY = YES;
				CLANG_WARN_ENUM_CONVERSION = YES;
				CLANG_WARN_INFINITE_RECURSION = YES;
				CLANG_WARN_INT_CONVERSION = YES;
				CLANG_WARN_NON_LITERAL_NULL_CONVERSION = YES;
				CLANG_WARN_OBJC_IMPLICIT_RETAIN_SELF = YES;
				CLANG_WARN_OBJC_LITERAL_CONVERSION = YES;
				CLANG_WARN_OBJC_ROOT_CLASS = YES_ERROR;
				CLANG_WARN_RANGE_LOOP_ANALYSIS = YES;
				CLANG_WARN_STRICT_PROTOTYPES = YES;
				CLANG_WARN_SUSPICIOUS_MOVE = YES;
				CLANG_WARN_UNGUARDED_AVAILABILITY = YES_AGGRESSIVE;
				CLANG_WARN_UNREACHABLE_CODE = YES;
				CLANG_WARN__DUPLICATE_METHOD_MATCH = YES;
				COPY_PHASE_STRIP = NO;
				DEBUG_INFORMATION_FORMAT = dwarf;
				ENABLE_STRICT_OBJC_MSGSEND = YES;
				ENABLE_TESTABILITY = YES;
				GCC_C_LANGUAGE_STANDARD = gnu11;
				GCC_DYNAMIC_NO_PIC = NO;
				GCC_NO_COMMON_BLOCKS = YES;
				GCC_OPTIMIZATION_LEVEL = 0;
				GCC_PREPROCESSOR_DEFINITIONS = (
					"DEBUG=1",
					"$(inherited)",
				);
				GCC_WARN_64_TO_32_BIT_CONVERSION = YES;
				GCC_WARN_ABOUT_RETURN_TYPE = YES_ERROR;
				GCC_WARN_UNDECLARED_SELECTOR = YES;
				GCC_WARN_UNINITIALIZED_AUTOS = YES_AGGRESSIVE;
				GCC_WARN_UNUSED_FUNCTION = YES;
				GCC_WARN_UNUSED_VARIABLE = YES;
				IPHONEOS_DEPLOYMENT_TARGET = 13.4;
				MTL_ENABLE_DEBUG_INFO = INCLUDE_SOURCE;
				MTL_FAST_MATH = YES;
				ONLY_ACTIVE_ARCH = YES;
				SDKROOT = iphoneos;
				SWIFT_ACTIVE_COMPILATION_CONDITIONS = DEBUG;
				SWIFT_OPTIMIZATION_LEVEL = "-Onone";
			};
			name = Debug;
		};
		EEAB6B122407C0CF005B53A7 /* Release */ = {
			isa = XCBuildConfiguration;
			buildSettings = {
				ALWAYS_SEARCH_USER_PATHS = NO;
				CLANG_ANALYZER_NONNULL = YES;
				CLANG_ANALYZER_NUMBER_OBJECT_CONVERSION = YES_AGGRESSIVE;
				CLANG_CXX_LANGUAGE_STANDARD = "gnu++14";
				CLANG_CXX_LIBRARY = "libc++";
				CLANG_ENABLE_MODULES = YES;
				CLANG_ENABLE_OBJC_ARC = YES;
				CLANG_ENABLE_OBJC_WEAK = YES;
				CLANG_WARN_BLOCK_CAPTURE_AUTORELEASING = YES;
				CLANG_WARN_BOOL_CONVERSION = YES;
				CLANG_WARN_COMMA = YES;
				CLANG_WARN_CONSTANT_CONVERSION = YES;
				CLANG_WARN_DEPRECATED_OBJC_IMPLEMENTATIONS = YES;
				CLANG_WARN_DIRECT_OBJC_ISA_USAGE = YES_ERROR;
				CLANG_WARN_DOCUMENTATION_COMMENTS = YES;
				CLANG_WARN_EMPTY_BODY = YES;
				CLANG_WARN_ENUM_CONVERSION = YES;
				CLANG_WARN_INFINITE_RECURSION = YES;
				CLANG_WARN_INT_CONVERSION = YES;
				CLANG_WARN_NON_LITERAL_NULL_CONVERSION = YES;
				CLANG_WARN_OBJC_IMPLICIT_RETAIN_SELF = YES;
				CLANG_WARN_OBJC_LITERAL_CONVERSION = YES;
				CLANG_WARN_OBJC_ROOT_CLASS = YES_ERROR;
				CLANG_WARN_RANGE_LOOP_ANALYSIS = YES;
				CLANG_WARN_STRICT_PROTOTYPES = YES;
				CLANG_WARN_SUSPICIOUS_MOVE = YES;
				CLANG_WARN_UNGUARDED_AVAILABILITY = YES_AGGRESSIVE;
				CLANG_WARN_UNREACHABLE_CODE = YES;
				CLANG_WARN__DUPLICATE_METHOD_MATCH = YES;
				COPY_PHASE_STRIP = NO;
				DEBUG_INFORMATION_FORMAT = "dwarf-with-dsym";
				ENABLE_NS_ASSERTIONS = NO;
				ENABLE_STRICT_OBJC_MSGSEND = YES;
				GCC_C_LANGUAGE_STANDARD = gnu11;
				GCC_NO_COMMON_BLOCKS = YES;
				GCC_WARN_64_TO_32_BIT_CONVERSION = YES;
				GCC_WARN_ABOUT_RETURN_TYPE = YES_ERROR;
				GCC_WARN_UNDECLARED_SELECTOR = YES;
				GCC_WARN_UNINITIALIZED_AUTOS = YES_AGGRESSIVE;
				GCC_WARN_UNUSED_FUNCTION = YES;
				GCC_WARN_UNUSED_VARIABLE = YES;
				IPHONEOS_DEPLOYMENT_TARGET = 13.4;
				MTL_ENABLE_DEBUG_INFO = NO;
				MTL_FAST_MATH = YES;
				SDKROOT = iphoneos;
				SWIFT_COMPILATION_MODE = wholemodule;
				SWIFT_OPTIMIZATION_LEVEL = "-O";
				VALIDATE_PRODUCT = YES;
			};
			name = Release;
		};
		EEAB6B142407C0CF005B53A7 /* Debug */ = {
			isa = XCBuildConfiguration;
			buildSettings = {
				ASSETCATALOG_COMPILER_APPICON_NAME = AppIcon;
				CODE_SIGN_STYLE = Automatic;
				DEVELOPMENT_ASSET_PATHS = "\"AceOfSpadeApp/Preview Content\"";
				DEVELOPMENT_TEAM = 4X6PHGF7Z3;
				ENABLE_PREVIEWS = YES;
				INFOPLIST_FILE = AceOfSpadeApp/Info.plist;
				LD_RUNPATH_SEARCH_PATHS = (
					"$(inherited)",
					"@executable_path/Frameworks",
				);
				PRODUCT_BUNDLE_IDENTIFIER = uk.co.effectivecode.AceOfSpadeApp;
				PRODUCT_NAME = "$(TARGET_NAME)";
				SWIFT_VERSION = 5.0;
				TARGETED_DEVICE_FAMILY = "1,2";
			};
			name = Debug;
		};
		EEAB6B152407C0CF005B53A7 /* Release */ = {
			isa = XCBuildConfiguration;
			buildSettings = {
				ASSETCATALOG_COMPILER_APPICON_NAME = AppIcon;
				CODE_SIGN_STYLE = Automatic;
				DEVELOPMENT_ASSET_PATHS = "\"AceOfSpadeApp/Preview Content\"";
				DEVELOPMENT_TEAM = 4X6PHGF7Z3;
				ENABLE_PREVIEWS = YES;
				INFOPLIST_FILE = AceOfSpadeApp/Info.plist;
				LD_RUNPATH_SEARCH_PATHS = (
					"$(inherited)",
					"@executable_path/Frameworks",
				);
				PRODUCT_BUNDLE_IDENTIFIER = uk.co.effectivecode.AceOfSpadeApp;
				PRODUCT_NAME = "$(TARGET_NAME)";
				SWIFT_VERSION = 5.0;
				TARGETED_DEVICE_FAMILY = "1,2";
			};
			name = Release;
		};
/* End XCBuildConfiguration section */

/* Begin XCConfigurationList section */
		EEAB6AFA2407C0CE005B53A7 /* Build configuration list for PBXProject "AceOfSpadeApp" */ = {
			isa = XCConfigurationList;
			buildConfigurations = (
				EEAB6B112407C0CF005B53A7 /* Debug */,
				EEAB6B122407C0CF005B53A7 /* Release */,
			);
			defaultConfigurationIsVisible = 0;
			defaultConfigurationName = Release;
		};
		EEAB6B132407C0CF005B53A7 /* Build configuration list for PBXNativeTarget "AceOfSpadeApp" */ = {
			isa = XCConfigurationList;
			buildConfigurations = (
				EEAB6B142407C0CF005B53A7 /* Debug */,
				EEAB6B152407C0CF005B53A7 /* Release */,
			);
			defaultConfigurationIsVisible = 0;
			defaultConfigurationName = Release;
		};
/* End XCConfigurationList section */
	};
	rootObject = EEAB6AF72407C0CE005B53A7 /* Project object */;
}
